Microsoft Visual Studio Solution File, Format Version 11.00
# Visual Studio 2010
Project("{FAE04EC0-301F-11D3-BF4B-00C04F79EFBC}") = "Main", "Main.csproj", "{E1EF718C-7F18-4CD7-9668-2F2B0C3C2107}"
EndProject
Project("{FAE04EC0-301F-11D3-BF4B-00C04F79EFBC}") = "GameDocs", "..\GameDocs\GameDocs.csproj", "{6DAB3F1F-6D91-4086-A2DF-ACD54307E5BC}"
EndProject
Project("{FAE04EC0-301F-11D3-BF4B-00C04F79EFBC}") = "Lib", "..\Lib\Lib.csproj", "{F44E4759-3B19-4E1B-BA4D-6E4F64086190}"
EndProject
Project("{FAE04EC0-301F-11D3-BF4B-00C04F79EFBC}") = "GameRepository", "..\GameRepository\GameRepository\GameRepository.csproj", "{67421E82-7E18-4960-AB49-FF802B82E54D}"
EndProject
Project("{FAE04EC0-301F-11D3-BF4B-00C04F79EFBC}") = "PluginInterface", "..\PluginInterface\PluginInterface\PluginInterface.csproj", "{E1357F87-0BE7-4FF7-84B4-D4CC4CD1788E}"
EndProject
Project("{FAE04EC0-301F-11D3-BF4B-00C04F79EFBC}") = "GameDeskControl", "..\GameDeskControl\GameDeskControl\GameDeskControl.csproj", "{D86C56B6-A996-41F1-A647-2868A1940B68}"
EndProject
Project("{FAE04EC0-301F-11D3-BF4B-00C04F79EFBC}") = "GameDeskControlTest", "..\Tests\GameDeskControlTest\Sokoban\GameDeskControlTest.csproj", "{28EDCBF2-F0B7-4098-9D41-4F82419EBA3F}"
EndProject
Project("{FAE04EC0-301F-11D3-BF4B-00C04F79EFBC}") = "GameDocsTest", "..\Tests\GameDocsTest\Sokoban\GameDocsTest.csproj", "{17E82A17-F091-4EE2-B6D0-D588684F63E9}"
	ProjectSection(ProjectDependencies) = postProject
		{3BAFA179-5F2E-4DC5-9AC2-DB689688793C} = {3BAFA179-5F2E-4DC5-9AC2-DB689688793C}
		{E1357F87-0BE7-4FF7-84B4-D4CC4CD1788E} = {E1357F87-0BE7-4FF7-84B4-D4CC4CD1788E}
		{A74B8493-59F1-44B7-BFC0-9C41F4F238EF} = {A74B8493-59F1-44B7-BFC0-9C41F4F238EF}
		{CDEC8CB2-A57E-49E9-91C7-06A8F7AF8355} = {CDEC8CB2-A57E-49E9-91C7-06A8F7AF8355}
		{8B6A12B7-0A9C-499A-A162-EF06203A24E2} = {8B6A12B7-0A9C-499A-A162-EF06203A24E2}
	EndProjectSection
EndProject
Project("{FAE04EC0-301F-11D3-BF4B-00C04F79EFBC}") = "KeyboardTest", "..\Tests\KeyboardInputTest\Sokoban\KeyboardTest.csproj", "{FA7AC404-A979-445D-B59A-B87B72854673}"
EndProject
Project("{FAE04EC0-301F-11D3-BF4B-00C04F79EFBC}") = "XMLSchemaTest", "..\Tests\XmlSchemaTest\XMLSchema\XMLSchemaTest.csproj", "{BAFEC9D8-FEBF-48B0-9FF3-72163938885D}"
EndProject
Project("{2150E333-8FDC-42A3-9474-1A3956D46DE8}") = "Tests", "Tests", "{D1BBD4E7-82E7-415E-B5F9-61606C1E1B87}"
EndProject
Project("{FAE04EC0-301F-11D3-BF4B-00C04F79EFBC}") = "ChooseConnectionDialog", "..\ChooseConnectionDialog\ChooseConnectionDialog.csproj", "{99CB949C-39C4-4982-BD3F-6CFA27EE6037}"
EndProject
Project("{2150E333-8FDC-42A3-9474-1A3956D46DE8}") = "Plugins", "Plugins", "{11631F71-BF21-4BFE-B934-57EA1D4BD038}"
EndProject
Project("{FAE04EC0-301F-11D3-BF4B-00C04F79EFBC}") = "PluginSokoban", "..\PluginSokoban\PluginSokoban\PluginSokoban.csproj", "{CDEC8CB2-A57E-49E9-91C7-06A8F7AF8355}"
EndProject
Project("{FAE04EC0-301F-11D3-BF4B-00C04F79EFBC}") = "PluginBox", "..\PluginBox\PluginBox\PluginBox.csproj", "{8B6A12B7-0A9C-499A-A162-EF06203A24E2}"
	ProjectSection(ProjectDependencies) = postProject
		{99CB949C-39C4-4982-BD3F-6CFA27EE6037} = {99CB949C-39C4-4982-BD3F-6CFA27EE6037}
	EndProjectSection
EndProject
Project("{FAE04EC0-301F-11D3-BF4B-00C04F79EFBC}") = "Solvers", "Solvers\Solvers.csproj", "{4BE6FD20-46E6-49DB-B30A-332F436C2F7D}"
EndProject
Project("{FAE04EC0-301F-11D3-BF4B-00C04F79EFBC}") = "SolversTest", "SolversTest\SolversTest.csproj", "{0414FA40-5E48-43FF-9EDC-BFD8A970D174}"
EndProject
Project("{FAE04EC0-301F-11D3-BF4B-00C04F79EFBC}") = "DummyObjectImplementations", "..\Tests\DummyObjectImplementations\DummyObjectImplementations.csproj", "{0AA86DD8-394C-44E2-89CF-C6FF45D4C6D0}"
EndProject
Project("{FAE04EC0-301F-11D3-BF4B-00C04F79EFBC}") = "PluginWall", "..\PluginWall\PluginWall.csproj", "{A74B8493-59F1-44B7-BFC0-9C41F4F238EF}"
EndProject
Project("{FAE04EC0-301F-11D3-BF4B-00C04F79EFBC}") = "PluginAim", "..\PluginAim\PluginAim.csproj", "{3BAFA179-5F2E-4DC5-9AC2-DB689688793C}"
EndProject
Project("{FAE04EC0-301F-11D3-BF4B-00C04F79EFBC}") = "ArrowOnGameDeskControlTest", "..\Tests\ArrowOnGameDeskControlTest\ArrowOnGameDeskControlTest.csproj", "{35AD41CC-095D-4168-B9E3-4BAE935AB41E}"
EndProject
Project("{FAE04EC0-301F-11D3-BF4B-00C04F79EFBC}") = "SettingsDialog", "..\SettingsWindow\SettingsDialog.csproj", "{B6FC1AE6-0066-442F-BF3F-AEA88A344C80}"
EndProject
Project("{930C7802-8A8C-48F9-8165-68863BCCD9DD}") = "SetupProject", "..\SetupProject\SetupProject.wixproj", "{BD6AC121-CE0E-4B65-81E1-BA33BEC9C5F3}"
EndProject
Project("{FAE04EC0-301F-11D3-BF4B-00C04F79EFBC}") = "SolverLibrary", "..\SolverLibrary\SolverLibrary.csproj", "{95463E7F-DFD5-488E-8EB0-84E0D0EDEAF1}"
EndProject
Project("{FAE04EC0-301F-11D3-BF4B-00C04F79EFBC}") = "QuestsControl", "..\QuestsControl\QuestsControl.csproj", "{B2653A3F-A6EE-4212-BFE5-FDA3C6C18D2F}"
EndProject
Project("{FAE04EC0-301F-11D3-BF4B-00C04F79EFBC}") = "QuestsControlTest", "..\Tests\QuestsControlTest\QuestsControlTest.csproj", "{737295B8-1D59-44E9-BAEE-02AE923ACA04}"
EndProject
Project("{FAE04EC0-301F-11D3-BF4B-00C04F79EFBC}") = "Console", "..\Console\Console.csproj", "{65D0C3FE-C558-44D4-B71B-FA32CDC24443}"
EndProject
Project("{FAE04EC0-301F-11D3-BF4B-00C04F79EFBC}") = "NetworkingTest", "..\Tests\NetworkingTest\NetworkingTest.csproj", "{9F1E89F2-3F93-4F19-BE94-A5D391430BAD}"
EndProject
Project("{FAE04EC0-301F-11D3-BF4B-00C04F79EFBC}") = "Networking", "..\Networking\Networking.csproj", "{72836426-37F3-472E-927D-EA899591FAEF}"
EndProject
Global
	GlobalSection(SolutionConfigurationPlatforms) = preSolution
		Debug|Any CPU = Debug|Any CPU
		Debug|Mixed Platforms = Debug|Mixed Platforms
		Debug|x86 = Debug|x86
		DebugGameDocsTest|Any CPU = DebugGameDocsTest|Any CPU
		DebugGameDocsTest|Mixed Platforms = DebugGameDocsTest|Mixed Platforms
		DebugGameDocsTest|x86 = DebugGameDocsTest|x86
		DebugNetworkingTest|Any CPU = DebugNetworkingTest|Any CPU
		DebugNetworkingTest|Mixed Platforms = DebugNetworkingTest|Mixed Platforms
		DebugNetworkingTest|x86 = DebugNetworkingTest|x86
		DebugQuestsControlTest|Any CPU = DebugQuestsControlTest|Any CPU
		DebugQuestsControlTest|Mixed Platforms = DebugQuestsControlTest|Mixed Platforms
		DebugQuestsControlTest|x86 = DebugQuestsControlTest|x86
		Release|Any CPU = Release|Any CPU
		Release|Mixed Platforms = Release|Mixed Platforms
		Release|x86 = Release|x86
	EndGlobalSection
	GlobalSection(ProjectConfigurationPlatforms) = postSolution
		{E1EF718C-7F18-4CD7-9668-2F2B0C3C2107}.Debug|Any CPU.ActiveCfg = Debug|Any CPU
		{E1EF718C-7F18-4CD7-9668-2F2B0C3C2107}.Debug|Any CPU.Build.0 = Debug|x86
		{E1EF718C-7F18-4CD7-9668-2F2B0C3C2107}.Debug|Mixed Platforms.ActiveCfg = Debug|Any CPU
		{E1EF718C-7F18-4CD7-9668-2F2B0C3C2107}.Debug|Mixed Platforms.Build.0 = Debug|Any CPU
		{E1EF718C-7F18-4CD7-9668-2F2B0C3C2107}.Debug|x86.ActiveCfg = Debug|x86
		{E1EF718C-7F18-4CD7-9668-2F2B0C3C2107}.Debug|x86.Build.0 = Debug|x86
		{E1EF718C-7F18-4CD7-9668-2F2B0C3C2107}.DebugGameDocsTest|Any CPU.ActiveCfg = DebugGameDocsTest|Any CPU
		{E1EF718C-7F18-4CD7-9668-2F2B0C3C2107}.DebugGameDocsTest|Mixed Platforms.ActiveCfg = DebugGameDocsTest|Any CPU
		{E1EF718C-7F18-4CD7-9668-2F2B0C3C2107}.DebugGameDocsTest|Mixed Platforms.Build.0 = DebugGameDocsTest|Any CPU
		{E1EF718C-7F18-4CD7-9668-2F2B0C3C2107}.DebugGameDocsTest|x86.ActiveCfg = DebugGameDocsTest|x86
		{E1EF718C-7F18-4CD7-9668-2F2B0C3C2107}.DebugNetworkingTest|Any CPU.ActiveCfg = DebugQuestsControlTest|Any CPU
		{E1EF718C-7F18-4CD7-9668-2F2B0C3C2107}.DebugNetworkingTest|Any CPU.Build.0 = DebugQuestsControlTest|Any CPU
		{E1EF718C-7F18-4CD7-9668-2F2B0C3C2107}.DebugNetworkingTest|Mixed Platforms.ActiveCfg = DebugQuestsControlTest|Any CPU
		{E1EF718C-7F18-4CD7-9668-2F2B0C3C2107}.DebugNetworkingTest|Mixed Platforms.Build.0 = DebugQuestsControlTest|Any CPU
		{E1EF718C-7F18-4CD7-9668-2F2B0C3C2107}.DebugNetworkingTest|x86.ActiveCfg = Debug|Any CPU
		{E1EF718C-7F18-4CD7-9668-2F2B0C3C2107}.DebugQuestsControlTest|Any CPU.ActiveCfg = DebugQuestsControlTest|Any CPU
		{E1EF718C-7F18-4CD7-9668-2F2B0C3C2107}.DebugQuestsControlTest|Any CPU.Build.0 = DebugQuestsControlTest|Any CPU
		{E1EF718C-7F18-4CD7-9668-2F2B0C3C2107}.DebugQuestsControlTest|Mixed Platforms.ActiveCfg = DebugQuestsControlTest|Any CPU
		{E1EF718C-7F18-4CD7-9668-2F2B0C3C2107}.DebugQuestsControlTest|Mixed Platforms.Build.0 = DebugQuestsControlTest|Any CPU
		{E1EF718C-7F18-4CD7-9668-2F2B0C3C2107}.DebugQuestsControlTest|x86.ActiveCfg = DebugQuestsControlTest|x86
		{E1EF718C-7F18-4CD7-9668-2F2B0C3C2107}.Release|Any CPU.ActiveCfg = Release|Any CPU
		{E1EF718C-7F18-4CD7-9668-2F2B0C3C2107}.Release|Mixed Platforms.ActiveCfg = Release|Any CPU
		{E1EF718C-7F18-4CD7-9668-2F2B0C3C2107}.Release|Mixed Platforms.Build.0 = Release|Any CPU
		{E1EF718C-7F18-4CD7-9668-2F2B0C3C2107}.Release|x86.ActiveCfg = Release|x86
		{E1EF718C-7F18-4CD7-9668-2F2B0C3C2107}.Release|x86.Build.0 = Release|x86
		{6DAB3F1F-6D91-4086-A2DF-ACD54307E5BC}.Debug|Any CPU.ActiveCfg = Debug|Any CPU
		{6DAB3F1F-6D91-4086-A2DF-ACD54307E5BC}.Debug|Any CPU.Build.0 = Debug|Any CPU
		{6DAB3F1F-6D91-4086-A2DF-ACD54307E5BC}.Debug|Mixed Platforms.ActiveCfg = Debug|Any CPU
		{6DAB3F1F-6D91-4086-A2DF-ACD54307E5BC}.Debug|Mixed Platforms.Build.0 = Debug|Any CPU
		{6DAB3F1F-6D91-4086-A2DF-ACD54307E5BC}.Debug|x86.ActiveCfg = Debug|Any CPU
		{6DAB3F1F-6D91-4086-A2DF-ACD54307E5BC}.Debug|x86.Build.0 = Debug|Any CPU
		{6DAB3F1F-6D91-4086-A2DF-ACD54307E5BC}.DebugGameDocsTest|Any CPU.ActiveCfg = DebugGameDocsTest|Any CPU
		{6DAB3F1F-6D91-4086-A2DF-ACD54307E5BC}.DebugGameDocsTest|Mixed Platforms.ActiveCfg = DebugGameDocsTest|Any CPU
		{6DAB3F1F-6D91-4086-A2DF-ACD54307E5BC}.DebugGameDocsTest|Mixed Platforms.Build.0 = DebugGameDocsTest|Any CPU
		{6DAB3F1F-6D91-4086-A2DF-ACD54307E5BC}.DebugGameDocsTest|x86.ActiveCfg = Debug|Any CPU
		{6DAB3F1F-6D91-4086-A2DF-ACD54307E5BC}.DebugGameDocsTest|x86.Build.0 = Debug|Any CPU
		{6DAB3F1F-6D91-4086-A2DF-ACD54307E5BC}.DebugNetworkingTest|Any CPU.ActiveCfg = DebugQuestsControlTest|Any CPU
		{6DAB3F1F-6D91-4086-A2DF-ACD54307E5BC}.DebugNetworkingTest|Any CPU.Build.0 = DebugQuestsControlTest|Any CPU
		{6DAB3F1F-6D91-4086-A2DF-ACD54307E5BC}.DebugNetworkingTest|Mixed Platforms.ActiveCfg = DebugQuestsControlTest|Any CPU
		{6DAB3F1F-6D91-4086-A2DF-ACD54307E5BC}.DebugNetworkingTest|Mixed Platforms.Build.0 = DebugQuestsControlTest|Any CPU
		{6DAB3F1F-6D91-4086-A2DF-ACD54307E5BC}.DebugNetworkingTest|x86.ActiveCfg = DebugQuestsControlTest|Any CPU
		{6DAB3F1F-6D91-4086-A2DF-ACD54307E5BC}.DebugQuestsControlTest|Any CPU.ActiveCfg = DebugQuestsControlTest|Any CPU
		{6DAB3F1F-6D91-4086-A2DF-ACD54307E5BC}.DebugQuestsControlTest|Any CPU.Build.0 = DebugQuestsControlTest|Any CPU
		{6DAB3F1F-6D91-4086-A2DF-ACD54307E5BC}.DebugQuestsControlTest|Mixed Platforms.ActiveCfg = DebugQuestsControlTest|Any CPU
		{6DAB3F1F-6D91-4086-A2DF-ACD54307E5BC}.DebugQuestsControlTest|Mixed Platforms.Build.0 = DebugQuestsControlTest|Any CPU
		{6DAB3F1F-6D91-4086-A2DF-ACD54307E5BC}.DebugQuestsControlTest|x86.ActiveCfg = DebugQuestsControlTest|Any CPU
		{6DAB3F1F-6D91-4086-A2DF-ACD54307E5BC}.Release|Any CPU.ActiveCfg = Release|Any CPU
		{6DAB3F1F-6D91-4086-A2DF-ACD54307E5BC}.Release|Any CPU.Build.0 = Release|Any CPU
		{6DAB3F1F-6D91-4086-A2DF-ACD54307E5BC}.Release|Mixed Platforms.ActiveCfg = Release|Any CPU
		{6DAB3F1F-6D91-4086-A2DF-ACD54307E5BC}.Release|Mixed Platforms.Build.0 = Release|Any CPU
		{6DAB3F1F-6D91-4086-A2DF-ACD54307E5BC}.Release|x86.ActiveCfg = Release|Any CPU
		{6DAB3F1F-6D91-4086-A2DF-ACD54307E5BC}.Release|x86.Build.0 = Release|Any CPU
		{F44E4759-3B19-4E1B-BA4D-6E4F64086190}.Debug|Any CPU.ActiveCfg = Debug|Any CPU
		{F44E4759-3B19-4E1B-BA4D-6E4F64086190}.Debug|Any CPU.Build.0 = Debug|Any CPU
		{F44E4759-3B19-4E1B-BA4D-6E4F64086190}.Debug|Mixed Platforms.ActiveCfg = Debug|Any CPU
		{F44E4759-3B19-4E1B-BA4D-6E4F64086190}.Debug|Mixed Platforms.Build.0 = Debug|Any CPU
		{F44E4759-3B19-4E1B-BA4D-6E4F64086190}.Debug|x86.ActiveCfg = Debug|Any CPU
		{F44E4759-3B19-4E1B-BA4D-6E4F64086190}.Debug|x86.Build.0 = Debug|Any CPU
		{F44E4759-3B19-4E1B-BA4D-6E4F64086190}.DebugGameDocsTest|Any CPU.ActiveCfg = DebugGameDocsTest|Any CPU
		{F44E4759-3B19-4E1B-BA4D-6E4F64086190}.DebugGameDocsTest|Mixed Platforms.ActiveCfg = DebugGameDocsTest|Any CPU
		{F44E4759-3B19-4E1B-BA4D-6E4F64086190}.DebugGameDocsTest|Mixed Platforms.Build.0 = DebugGameDocsTest|Any CPU
		{F44E4759-3B19-4E1B-BA4D-6E4F64086190}.DebugGameDocsTest|x86.ActiveCfg = Debug|Any CPU
		{F44E4759-3B19-4E1B-BA4D-6E4F64086190}.DebugGameDocsTest|x86.Build.0 = Debug|Any CPU
		{F44E4759-3B19-4E1B-BA4D-6E4F64086190}.DebugNetworkingTest|Any CPU.ActiveCfg = DebugQuestsControlTest|Any CPU
		{F44E4759-3B19-4E1B-BA4D-6E4F64086190}.DebugNetworkingTest|Any CPU.Build.0 = DebugQuestsControlTest|Any CPU
		{F44E4759-3B19-4E1B-BA4D-6E4F64086190}.DebugNetworkingTest|Mixed Platforms.ActiveCfg = DebugQuestsControlTest|Any CPU
		{F44E4759-3B19-4E1B-BA4D-6E4F64086190}.DebugNetworkingTest|Mixed Platforms.Build.0 = DebugQuestsControlTest|Any CPU
		{F44E4759-3B19-4E1B-BA4D-6E4F64086190}.DebugNetworkingTest|x86.ActiveCfg = Debug|Any CPU
		{F44E4759-3B19-4E1B-BA4D-6E4F64086190}.DebugNetworkingTest|x86.Build.0 = Debug|Any CPU
		{F44E4759-3B19-4E1B-BA4D-6E4F64086190}.DebugQuestsControlTest|Any CPU.ActiveCfg = DebugQuestsControlTest|Any CPU
		{F44E4759-3B19-4E1B-BA4D-6E4F64086190}.DebugQuestsControlTest|Any CPU.Build.0 = DebugQuestsControlTest|Any CPU
		{F44E4759-3B19-4E1B-BA4D-6E4F64086190}.DebugQuestsControlTest|Mixed Platforms.ActiveCfg = DebugQuestsControlTest|Any CPU
		{F44E4759-3B19-4E1B-BA4D-6E4F64086190}.DebugQuestsControlTest|Mixed Platforms.Build.0 = DebugQuestsControlTest|Any CPU
		{F44E4759-3B19-4E1B-BA4D-6E4F64086190}.DebugQuestsControlTest|x86.ActiveCfg = Debug|Any CPU
		{F44E4759-3B19-4E1B-BA4D-6E4F64086190}.DebugQuestsControlTest|x86.Build.0 = Debug|Any CPU
		{F44E4759-3B19-4E1B-BA4D-6E4F64086190}.Release|Any CPU.ActiveCfg = Release|Any CPU
		{F44E4759-3B19-4E1B-BA4D-6E4F64086190}.Release|Any CPU.Build.0 = Release|Any CPU
		{F44E4759-3B19-4E1B-BA4D-6E4F64086190}.Release|Mixed Platforms.ActiveCfg = Release|Any CPU
		{F44E4759-3B19-4E1B-BA4D-6E4F64086190}.Release|Mixed Platforms.Build.0 = Release|Any CPU
		{F44E4759-3B19-4E1B-BA4D-6E4F64086190}.Release|x86.ActiveCfg = Release|Any CPU
		{F44E4759-3B19-4E1B-BA4D-6E4F64086190}.Release|x86.Build.0 = Release|Any CPU
		{67421E82-7E18-4960-AB49-FF802B82E54D}.Debug|Any CPU.ActiveCfg = Debug|Any CPU
		{67421E82-7E18-4960-AB49-FF802B82E54D}.Debug|Any CPU.Build.0 = Debug|Any CPU
		{67421E82-7E18-4960-AB49-FF802B82E54D}.Debug|Mixed Platforms.ActiveCfg = Debug|Any CPU
		{67421E82-7E18-4960-AB49-FF802B82E54D}.Debug|Mixed Platforms.Build.0 = Debug|Any CPU
		{67421E82-7E18-4960-AB49-FF802B82E54D}.Debug|x86.ActiveCfg = Debug|Any CPU
		{67421E82-7E18-4960-AB49-FF802B82E54D}.Debug|x86.Build.0 = Debug|Any CPU
		{67421E82-7E18-4960-AB49-FF802B82E54D}.DebugGameDocsTest|Any CPU.ActiveCfg = DebugGameDocsTest|Any CPU
		{67421E82-7E18-4960-AB49-FF802B82E54D}.DebugGameDocsTest|Mixed Platforms.ActiveCfg = DebugGameDocsTest|Any CPU
		{67421E82-7E18-4960-AB49-FF802B82E54D}.DebugGameDocsTest|Mixed Platforms.Build.0 = DebugGameDocsTest|Any CPU
		{67421E82-7E18-4960-AB49-FF802B82E54D}.DebugGameDocsTest|x86.ActiveCfg = Debug|Any CPU
		{67421E82-7E18-4960-AB49-FF802B82E54D}.DebugGameDocsTest|x86.Build.0 = Debug|Any CPU
		{67421E82-7E18-4960-AB49-FF802B82E54D}.DebugNetworkingTest|Any CPU.ActiveCfg = DebugQuestsControlTest|Any CPU
		{67421E82-7E18-4960-AB49-FF802B82E54D}.DebugNetworkingTest|Any CPU.Build.0 = DebugQuestsControlTest|Any CPU
		{67421E82-7E18-4960-AB49-FF802B82E54D}.DebugNetworkingTest|Mixed Platforms.ActiveCfg = DebugQuestsControlTest|Any CPU
		{67421E82-7E18-4960-AB49-FF802B82E54D}.DebugNetworkingTest|Mixed Platforms.Build.0 = DebugQuestsControlTest|Any CPU
		{67421E82-7E18-4960-AB49-FF802B82E54D}.DebugNetworkingTest|x86.ActiveCfg = DebugQuestsControlTest|Any CPU
		{67421E82-7E18-4960-AB49-FF802B82E54D}.DebugQuestsControlTest|Any CPU.ActiveCfg = DebugQuestsControlTest|Any CPU
		{67421E82-7E18-4960-AB49-FF802B82E54D}.DebugQuestsControlTest|Any CPU.Build.0 = DebugQuestsControlTest|Any CPU
		{67421E82-7E18-4960-AB49-FF802B82E54D}.DebugQuestsControlTest|Mixed Platforms.ActiveCfg = DebugQuestsControlTest|Any CPU
		{67421E82-7E18-4960-AB49-FF802B82E54D}.DebugQuestsControlTest|Mixed Platforms.Build.0 = DebugQuestsControlTest|Any CPU
		{67421E82-7E18-4960-AB49-FF802B82E54D}.DebugQuestsControlTest|x86.ActiveCfg = DebugQuestsControlTest|Any CPU
		{67421E82-7E18-4960-AB49-FF802B82E54D}.Release|Any CPU.ActiveCfg = Release|Any CPU
		{67421E82-7E18-4960-AB49-FF802B82E54D}.Release|Any CPU.Build.0 = Release|Any CPU
		{67421E82-7E18-4960-AB49-FF802B82E54D}.Release|Mixed Platforms.ActiveCfg = Release|Any CPU
		{67421E82-7E18-4960-AB49-FF802B82E54D}.Release|Mixed Platforms.Build.0 = Release|Any CPU
		{67421E82-7E18-4960-AB49-FF802B82E54D}.Release|x86.ActiveCfg = Release|Any CPU
		{67421E82-7E18-4960-AB49-FF802B82E54D}.Release|x86.Build.0 = Release|Any CPU
		{E1357F87-0BE7-4FF7-84B4-D4CC4CD1788E}.Debug|Any CPU.ActiveCfg = Debug|Any CPU
		{E1357F87-0BE7-4FF7-84B4-D4CC4CD1788E}.Debug|Any CPU.Build.0 = Debug|Any CPU
		{E1357F87-0BE7-4FF7-84B4-D4CC4CD1788E}.Debug|Mixed Platforms.ActiveCfg = Debug|Any CPU
		{E1357F87-0BE7-4FF7-84B4-D4CC4CD1788E}.Debug|Mixed Platforms.Build.0 = Debug|Any CPU
		{E1357F87-0BE7-4FF7-84B4-D4CC4CD1788E}.Debug|x86.ActiveCfg = Debug|Any CPU
		{E1357F87-0BE7-4FF7-84B4-D4CC4CD1788E}.Debug|x86.Build.0 = Debug|Any CPU
		{E1357F87-0BE7-4FF7-84B4-D4CC4CD1788E}.DebugGameDocsTest|Any CPU.ActiveCfg = DebugGameDocsTest|Any CPU
		{E1357F87-0BE7-4FF7-84B4-D4CC4CD1788E}.DebugGameDocsTest|Mixed Platforms.ActiveCfg = DebugGameDocsTest|Any CPU
		{E1357F87-0BE7-4FF7-84B4-D4CC4CD1788E}.DebugGameDocsTest|Mixed Platforms.Build.0 = DebugGameDocsTest|Any CPU
		{E1357F87-0BE7-4FF7-84B4-D4CC4CD1788E}.DebugGameDocsTest|x86.ActiveCfg = Debug|Any CPU
		{E1357F87-0BE7-4FF7-84B4-D4CC4CD1788E}.DebugGameDocsTest|x86.Build.0 = Debug|Any CPU
		{E1357F87-0BE7-4FF7-84B4-D4CC4CD1788E}.DebugNetworkingTest|Any CPU.ActiveCfg = DebugQuestsControlTest|Any CPU
		{E1357F87-0BE7-4FF7-84B4-D4CC4CD1788E}.DebugNetworkingTest|Any CPU.Build.0 = DebugQuestsControlTest|Any CPU
		{E1357F87-0BE7-4FF7-84B4-D4CC4CD1788E}.DebugNetworkingTest|Mixed Platforms.ActiveCfg = DebugQuestsControlTest|Any CPU
		{E1357F87-0BE7-4FF7-84B4-D4CC4CD1788E}.DebugNetworkingTest|Mixed Platforms.Build.0 = DebugQuestsControlTest|Any CPU
		{E1357F87-0BE7-4FF7-84B4-D4CC4CD1788E}.DebugNetworkingTest|x86.ActiveCfg = DebugQuestsControlTest|Any CPU
		{E1357F87-0BE7-4FF7-84B4-D4CC4CD1788E}.DebugQuestsControlTest|Any CPU.ActiveCfg = DebugQuestsControlTest|Any CPU
		{E1357F87-0BE7-4FF7-84B4-D4CC4CD1788E}.DebugQuestsControlTest|Any CPU.Build.0 = DebugQuestsControlTest|Any CPU
		{E1357F87-0BE7-4FF7-84B4-D4CC4CD1788E}.DebugQuestsControlTest|Mixed Platforms.ActiveCfg = DebugQuestsControlTest|Any CPU
		{E1357F87-0BE7-4FF7-84B4-D4CC4CD1788E}.DebugQuestsControlTest|Mixed Platforms.Build.0 = DebugQuestsControlTest|Any CPU
		{E1357F87-0BE7-4FF7-84B4-D4CC4CD1788E}.DebugQuestsControlTest|x86.ActiveCfg = DebugQuestsControlTest|Any CPU
		{E1357F87-0BE7-4FF7-84B4-D4CC4CD1788E}.Release|Any CPU.ActiveCfg = Release|Any CPU
		{E1357F87-0BE7-4FF7-84B4-D4CC4CD1788E}.Release|Any CPU.Build.0 = Release|Any CPU
		{E1357F87-0BE7-4FF7-84B4-D4CC4CD1788E}.Release|Mixed Platforms.ActiveCfg = Release|Any CPU
		{E1357F87-0BE7-4FF7-84B4-D4CC4CD1788E}.Release|Mixed Platforms.Build.0 = Release|Any CPU
		{E1357F87-0BE7-4FF7-84B4-D4CC4CD1788E}.Release|x86.ActiveCfg = Release|Any CPU
		{E1357F87-0BE7-4FF7-84B4-D4CC4CD1788E}.Release|x86.Build.0 = Release|Any CPU
		{D86C56B6-A996-41F1-A647-2868A1940B68}.Debug|Any CPU.ActiveCfg = Debug|Any CPU
		{D86C56B6-A996-41F1-A647-2868A1940B68}.Debug|Any CPU.Build.0 = Debug|Any CPU
		{D86C56B6-A996-41F1-A647-2868A1940B68}.Debug|Mixed Platforms.ActiveCfg = Debug|Any CPU
		{D86C56B6-A996-41F1-A647-2868A1940B68}.Debug|Mixed Platforms.Build.0 = Debug|Any CPU
		{D86C56B6-A996-41F1-A647-2868A1940B68}.Debug|x86.ActiveCfg = Debug|Any CPU
		{D86C56B6-A996-41F1-A647-2868A1940B68}.Debug|x86.Build.0 = Debug|Any CPU
		{D86C56B6-A996-41F1-A647-2868A1940B68}.DebugGameDocsTest|Any CPU.ActiveCfg = DebugGameDocsTest|Any CPU
		{D86C56B6-A996-41F1-A647-2868A1940B68}.DebugGameDocsTest|Mixed Platforms.ActiveCfg = DebugGameDocsTest|Any CPU
		{D86C56B6-A996-41F1-A647-2868A1940B68}.DebugGameDocsTest|Mixed Platforms.Build.0 = DebugGameDocsTest|Any CPU
		{D86C56B6-A996-41F1-A647-2868A1940B68}.DebugGameDocsTest|x86.ActiveCfg = Debug|Any CPU
		{D86C56B6-A996-41F1-A647-2868A1940B68}.DebugGameDocsTest|x86.Build.0 = Debug|Any CPU
		{D86C56B6-A996-41F1-A647-2868A1940B68}.DebugNetworkingTest|Any CPU.ActiveCfg = DebugQuestsControlTest|Any CPU
		{D86C56B6-A996-41F1-A647-2868A1940B68}.DebugNetworkingTest|Any CPU.Build.0 = DebugQuestsControlTest|Any CPU
		{D86C56B6-A996-41F1-A647-2868A1940B68}.DebugNetworkingTest|Mixed Platforms.ActiveCfg = DebugQuestsControlTest|Any CPU
		{D86C56B6-A996-41F1-A647-2868A1940B68}.DebugNetworkingTest|Mixed Platforms.Build.0 = DebugQuestsControlTest|Any CPU
		{D86C56B6-A996-41F1-A647-2868A1940B68}.DebugNetworkingTest|x86.ActiveCfg = DebugQuestsControlTest|Any CPU
		{D86C56B6-A996-41F1-A647-2868A1940B68}.DebugQuestsControlTest|Any CPU.ActiveCfg = DebugQuestsControlTest|Any CPU
		{D86C56B6-A996-41F1-A647-2868A1940B68}.DebugQuestsControlTest|Any CPU.Build.0 = DebugQuestsControlTest|Any CPU
		{D86C56B6-A996-41F1-A647-2868A1940B68}.DebugQuestsControlTest|Mixed Platforms.ActiveCfg = DebugQuestsControlTest|Any CPU
		{D86C56B6-A996-41F1-A647-2868A1940B68}.DebugQuestsControlTest|Mixed Platforms.Build.0 = DebugQuestsControlTest|Any CPU
		{D86C56B6-A996-41F1-A647-2868A1940B68}.DebugQuestsControlTest|x86.ActiveCfg = DebugQuestsControlTest|Any CPU
		{D86C56B6-A996-41F1-A647-2868A1940B68}.Release|Any CPU.ActiveCfg = Release|Any CPU
		{D86C56B6-A996-41F1-A647-2868A1940B68}.Release|Any CPU.Build.0 = Release|Any CPU
		{D86C56B6-A996-41F1-A647-2868A1940B68}.Release|Mixed Platforms.ActiveCfg = Release|Any CPU
		{D86C56B6-A996-41F1-A647-2868A1940B68}.Release|Mixed Platforms.Build.0 = Release|Any CPU
		{D86C56B6-A996-41F1-A647-2868A1940B68}.Release|x86.ActiveCfg = Release|Any CPU
		{D86C56B6-A996-41F1-A647-2868A1940B68}.Release|x86.Build.0 = Release|Any CPU
		{28EDCBF2-F0B7-4098-9D41-4F82419EBA3F}.Debug|Any CPU.ActiveCfg = Debug|Any CPU
		{28EDCBF2-F0B7-4098-9D41-4F82419EBA3F}.Debug|Any CPU.Build.0 = Debug|Any CPU
		{28EDCBF2-F0B7-4098-9D41-4F82419EBA3F}.Debug|Mixed Platforms.ActiveCfg = Debug|Any CPU
		{28EDCBF2-F0B7-4098-9D41-4F82419EBA3F}.Debug|Mixed Platforms.Build.0 = Debug|Any CPU
		{28EDCBF2-F0B7-4098-9D41-4F82419EBA3F}.Debug|x86.ActiveCfg = Debug|Any CPU
		{28EDCBF2-F0B7-4098-9D41-4F82419EBA3F}.DebugGameDocsTest|Any CPU.ActiveCfg = DebugGameDocsTest|Any CPU
		{28EDCBF2-F0B7-4098-9D41-4F82419EBA3F}.DebugGameDocsTest|Mixed Platforms.ActiveCfg = DebugGameDocsTest|Any CPU
		{28EDCBF2-F0B7-4098-9D41-4F82419EBA3F}.DebugGameDocsTest|Mixed Platforms.Build.0 = DebugGameDocsTest|Any CPU
		{28EDCBF2-F0B7-4098-9D41-4F82419EBA3F}.DebugGameDocsTest|x86.ActiveCfg = DebugGameDocsTest|Any CPU
		{28EDCBF2-F0B7-4098-9D41-4F82419EBA3F}.DebugNetworkingTest|Any CPU.ActiveCfg = DebugQuestsControlTest|Any CPU
		{28EDCBF2-F0B7-4098-9D41-4F82419EBA3F}.DebugNetworkingTest|Any CPU.Build.0 = DebugQuestsControlTest|Any CPU
		{28EDCBF2-F0B7-4098-9D41-4F82419EBA3F}.DebugNetworkingTest|Mixed Platforms.ActiveCfg = DebugQuestsControlTest|Any CPU
		{28EDCBF2-F0B7-4098-9D41-4F82419EBA3F}.DebugNetworkingTest|Mixed Platforms.Build.0 = DebugQuestsControlTest|Any CPU
		{28EDCBF2-F0B7-4098-9D41-4F82419EBA3F}.DebugNetworkingTest|x86.ActiveCfg = DebugQuestsControlTest|Any CPU
		{28EDCBF2-F0B7-4098-9D41-4F82419EBA3F}.DebugQuestsControlTest|Any CPU.ActiveCfg = DebugQuestsControlTest|Any CPU
		{28EDCBF2-F0B7-4098-9D41-4F82419EBA3F}.DebugQuestsControlTest|Any CPU.Build.0 = DebugQuestsControlTest|Any CPU
		{28EDCBF2-F0B7-4098-9D41-4F82419EBA3F}.DebugQuestsControlTest|Mixed Platforms.ActiveCfg = DebugQuestsControlTest|Any CPU
		{28EDCBF2-F0B7-4098-9D41-4F82419EBA3F}.DebugQuestsControlTest|Mixed Platforms.Build.0 = DebugQuestsControlTest|Any CPU
		{28EDCBF2-F0B7-4098-9D41-4F82419EBA3F}.DebugQuestsControlTest|x86.ActiveCfg = DebugQuestsControlTest|Any CPU
		{28EDCBF2-F0B7-4098-9D41-4F82419EBA3F}.Release|Any CPU.ActiveCfg = Release|Any CPU
		{28EDCBF2-F0B7-4098-9D41-4F82419EBA3F}.Release|Any CPU.Build.0 = Release|Any CPU
		{28EDCBF2-F0B7-4098-9D41-4F82419EBA3F}.Release|Mixed Platforms.ActiveCfg = Release|Any CPU
		{28EDCBF2-F0B7-4098-9D41-4F82419EBA3F}.Release|Mixed Platforms.Build.0 = Release|Any CPU
		{28EDCBF2-F0B7-4098-9D41-4F82419EBA3F}.Release|x86.ActiveCfg = Release|Any CPU
		{17E82A17-F091-4EE2-B6D0-D588684F63E9}.Debug|Any CPU.ActiveCfg = Debug|Any CPU
		{17E82A17-F091-4EE2-B6D0-D588684F63E9}.Debug|Any CPU.Build.0 = Debug|Any CPU
		{17E82A17-F091-4EE2-B6D0-D588684F63E9}.Debug|Mixed Platforms.ActiveCfg = Debug|Any CPU
		{17E82A17-F091-4EE2-B6D0-D588684F63E9}.Debug|Mixed Platforms.Build.0 = Debug|Any CPU
		{17E82A17-F091-4EE2-B6D0-D588684F63E9}.Debug|x86.ActiveCfg = Debug|Any CPU
		{17E82A17-F091-4EE2-B6D0-D588684F63E9}.DebugGameDocsTest|Any CPU.ActiveCfg = DebugGameDocsTest|Any CPU
		{17E82A17-F091-4EE2-B6D0-D588684F63E9}.DebugGameDocsTest|Mixed Platforms.ActiveCfg = DebugGameDocsTest|Any CPU
		{17E82A17-F091-4EE2-B6D0-D588684F63E9}.DebugGameDocsTest|Mixed Platforms.Build.0 = DebugGameDocsTest|Any CPU
		{17E82A17-F091-4EE2-B6D0-D588684F63E9}.DebugGameDocsTest|x86.ActiveCfg = Debug|Any CPU
		{17E82A17-F091-4EE2-B6D0-D588684F63E9}.DebugGameDocsTest|x86.Build.0 = Debug|Any CPU
		{17E82A17-F091-4EE2-B6D0-D588684F63E9}.DebugNetworkingTest|Any CPU.ActiveCfg = DebugQuestsControlTest|Any CPU
		{17E82A17-F091-4EE2-B6D0-D588684F63E9}.DebugNetworkingTest|Any CPU.Build.0 = DebugQuestsControlTest|Any CPU
		{17E82A17-F091-4EE2-B6D0-D588684F63E9}.DebugNetworkingTest|Mixed Platforms.ActiveCfg = DebugQuestsControlTest|Any CPU
		{17E82A17-F091-4EE2-B6D0-D588684F63E9}.DebugNetworkingTest|Mixed Platforms.Build.0 = DebugQuestsControlTest|Any CPU
		{17E82A17-F091-4EE2-B6D0-D588684F63E9}.DebugNetworkingTest|x86.ActiveCfg = DebugQuestsControlTest|Any CPU
		{17E82A17-F091-4EE2-B6D0-D588684F63E9}.DebugQuestsControlTest|Any CPU.ActiveCfg = DebugQuestsControlTest|Any CPU
		{17E82A17-F091-4EE2-B6D0-D588684F63E9}.DebugQuestsControlTest|Any CPU.Build.0 = DebugQuestsControlTest|Any CPU
		{17E82A17-F091-4EE2-B6D0-D588684F63E9}.DebugQuestsControlTest|Mixed Platforms.ActiveCfg = DebugQuestsControlTest|Any CPU
		{17E82A17-F091-4EE2-B6D0-D588684F63E9}.DebugQuestsControlTest|Mixed Platforms.Build.0 = DebugQuestsControlTest|Any CPU
		{17E82A17-F091-4EE2-B6D0-D588684F63E9}.DebugQuestsControlTest|x86.ActiveCfg = DebugQuestsControlTest|Any CPU
		{17E82A17-F091-4EE2-B6D0-D588684F63E9}.Release|Any CPU.ActiveCfg = Release|Any CPU
		{17E82A17-F091-4EE2-B6D0-D588684F63E9}.Release|Any CPU.Build.0 = Release|Any CPU
		{17E82A17-F091-4EE2-B6D0-D588684F63E9}.Release|Mixed Platforms.ActiveCfg = Release|Any CPU
		{17E82A17-F091-4EE2-B6D0-D588684F63E9}.Release|Mixed Platforms.Build.0 = Release|Any CPU
		{17E82A17-F091-4EE2-B6D0-D588684F63E9}.Release|x86.ActiveCfg = Release|Any CPU
		{FA7AC404-A979-445D-B59A-B87B72854673}.Debug|Any CPU.ActiveCfg = Debug|Any CPU
		{FA7AC404-A979-445D-B59A-B87B72854673}.Debug|Any CPU.Build.0 = Debug|Any CPU
		{FA7AC404-A979-445D-B59A-B87B72854673}.Debug|Mixed Platforms.ActiveCfg = Debug|Any CPU
		{FA7AC404-A979-445D-B59A-B87B72854673}.Debug|Mixed Platforms.Build.0 = Debug|Any CPU
		{FA7AC404-A979-445D-B59A-B87B72854673}.Debug|x86.ActiveCfg = Debug|Any CPU
		{FA7AC404-A979-445D-B59A-B87B72854673}.DebugGameDocsTest|Any CPU.ActiveCfg = DebugGameDocsTest|Any CPU
		{FA7AC404-A979-445D-B59A-B87B72854673}.DebugGameDocsTest|Mixed Platforms.ActiveCfg = DebugGameDocsTest|Any CPU
		{FA7AC404-A979-445D-B59A-B87B72854673}.DebugGameDocsTest|Mixed Platforms.Build.0 = DebugGameDocsTest|Any CPU
		{FA7AC404-A979-445D-B59A-B87B72854673}.DebugGameDocsTest|x86.ActiveCfg = DebugGameDocsTest|Any CPU
		{FA7AC404-A979-445D-B59A-B87B72854673}.DebugNetworkingTest|Any CPU.ActiveCfg = DebugQuestsControlTest|Any CPU
		{FA7AC404-A979-445D-B59A-B87B72854673}.DebugNetworkingTest|Any CPU.Build.0 = DebugQuestsControlTest|Any CPU
		{FA7AC404-A979-445D-B59A-B87B72854673}.DebugNetworkingTest|Mixed Platforms.ActiveCfg = DebugQuestsControlTest|Any CPU
		{FA7AC404-A979-445D-B59A-B87B72854673}.DebugNetworkingTest|Mixed Platforms.Build.0 = DebugQuestsControlTest|Any CPU
		{FA7AC404-A979-445D-B59A-B87B72854673}.DebugNetworkingTest|x86.ActiveCfg = DebugQuestsControlTest|Any CPU
		{FA7AC404-A979-445D-B59A-B87B72854673}.DebugQuestsControlTest|Any CPU.ActiveCfg = DebugQuestsControlTest|Any CPU
		{FA7AC404-A979-445D-B59A-B87B72854673}.DebugQuestsControlTest|Any CPU.Build.0 = DebugQuestsControlTest|Any CPU
		{FA7AC404-A979-445D-B59A-B87B72854673}.DebugQuestsControlTest|Mixed Platforms.ActiveCfg = DebugQuestsControlTest|Any CPU
		{FA7AC404-A979-445D-B59A-B87B72854673}.DebugQuestsControlTest|Mixed Platforms.Build.0 = DebugQuestsControlTest|Any CPU
		{FA7AC404-A979-445D-B59A-B87B72854673}.DebugQuestsControlTest|x86.ActiveCfg = DebugQuestsControlTest|Any CPU
		{FA7AC404-A979-445D-B59A-B87B72854673}.Release|Any CPU.ActiveCfg = Release|Any CPU
		{FA7AC404-A979-445D-B59A-B87B72854673}.Release|Any CPU.Build.0 = Release|Any CPU
		{FA7AC404-A979-445D-B59A-B87B72854673}.Release|Mixed Platforms.ActiveCfg = Release|Any CPU
		{FA7AC404-A979-445D-B59A-B87B72854673}.Release|Mixed Platforms.Build.0 = Release|Any CPU
		{FA7AC404-A979-445D-B59A-B87B72854673}.Release|x86.ActiveCfg = Release|Any CPU
		{BAFEC9D8-FEBF-48B0-9FF3-72163938885D}.Debug|Any CPU.ActiveCfg = Debug|x86
		{BAFEC9D8-FEBF-48B0-9FF3-72163938885D}.Debug|Mixed Platforms.ActiveCfg = Debug|x86
		{BAFEC9D8-FEBF-48B0-9FF3-72163938885D}.Debug|Mixed Platforms.Build.0 = Debug|x86
		{BAFEC9D8-FEBF-48B0-9FF3-72163938885D}.Debug|x86.ActiveCfg = Debug|x86
		{BAFEC9D8-FEBF-48B0-9FF3-72163938885D}.DebugGameDocsTest|Any CPU.ActiveCfg = DebugGameDocsTest|x86
		{BAFEC9D8-FEBF-48B0-9FF3-72163938885D}.DebugGameDocsTest|Mixed Platforms.ActiveCfg = DebugGameDocsTest|x86
		{BAFEC9D8-FEBF-48B0-9FF3-72163938885D}.DebugGameDocsTest|Mixed Platforms.Build.0 = DebugGameDocsTest|x86
		{BAFEC9D8-FEBF-48B0-9FF3-72163938885D}.DebugGameDocsTest|x86.ActiveCfg = Debug|x86
		{BAFEC9D8-FEBF-48B0-9FF3-72163938885D}.DebugNetworkingTest|Any CPU.ActiveCfg = DebugQuestsControlTest|x86
		{BAFEC9D8-FEBF-48B0-9FF3-72163938885D}.DebugNetworkingTest|Mixed Platforms.ActiveCfg = DebugQuestsControlTest|x86
		{BAFEC9D8-FEBF-48B0-9FF3-72163938885D}.DebugNetworkingTest|Mixed Platforms.Build.0 = DebugQuestsControlTest|x86
		{BAFEC9D8-FEBF-48B0-9FF3-72163938885D}.DebugNetworkingTest|x86.ActiveCfg = DebugQuestsControlTest|x86
		{BAFEC9D8-FEBF-48B0-9FF3-72163938885D}.DebugQuestsControlTest|Any CPU.ActiveCfg = DebugQuestsControlTest|x86
		{BAFEC9D8-FEBF-48B0-9FF3-72163938885D}.DebugQuestsControlTest|Mixed Platforms.ActiveCfg = DebugQuestsControlTest|x86
		{BAFEC9D8-FEBF-48B0-9FF3-72163938885D}.DebugQuestsControlTest|Mixed Platforms.Build.0 = DebugQuestsControlTest|x86
		{BAFEC9D8-FEBF-48B0-9FF3-72163938885D}.DebugQuestsControlTest|x86.ActiveCfg = DebugQuestsControlTest|x86
		{BAFEC9D8-FEBF-48B0-9FF3-72163938885D}.Release|Any CPU.ActiveCfg = Release|x86
		{BAFEC9D8-FEBF-48B0-9FF3-72163938885D}.Release|Mixed Platforms.ActiveCfg = Release|x86
		{BAFEC9D8-FEBF-48B0-9FF3-72163938885D}.Release|Mixed Platforms.Build.0 = Release|x86
		{BAFEC9D8-FEBF-48B0-9FF3-72163938885D}.Release|x86.ActiveCfg = Release|x86
		{99CB949C-39C4-4982-BD3F-6CFA27EE6037}.Debug|Any CPU.ActiveCfg = Debug|Any CPU
		{99CB949C-39C4-4982-BD3F-6CFA27EE6037}.Debug|Any CPU.Build.0 = Debug|Any CPU
		{99CB949C-39C4-4982-BD3F-6CFA27EE6037}.Debug|Mixed Platforms.ActiveCfg = Debug|Any CPU
		{99CB949C-39C4-4982-BD3F-6CFA27EE6037}.Debug|Mixed Platforms.Build.0 = Debug|Any CPU
		{99CB949C-39C4-4982-BD3F-6CFA27EE6037}.Debug|x86.ActiveCfg = Debug|Any CPU
		{99CB949C-39C4-4982-BD3F-6CFA27EE6037}.Debug|x86.Build.0 = Debug|Any CPU
		{99CB949C-39C4-4982-BD3F-6CFA27EE6037}.DebugGameDocsTest|Any CPU.ActiveCfg = DebugGameDocsTest|Any CPU
		{99CB949C-39C4-4982-BD3F-6CFA27EE6037}.DebugGameDocsTest|Mixed Platforms.ActiveCfg = DebugGameDocsTest|Any CPU
		{99CB949C-39C4-4982-BD3F-6CFA27EE6037}.DebugGameDocsTest|Mixed Platforms.Build.0 = DebugGameDocsTest|Any CPU
		{99CB949C-39C4-4982-BD3F-6CFA27EE6037}.DebugGameDocsTest|x86.ActiveCfg = DebugGameDocsTest|Any CPU
		{99CB949C-39C4-4982-BD3F-6CFA27EE6037}.DebugNetworkingTest|Any CPU.ActiveCfg = DebugQuestsControlTest|Any CPU
		{99CB949C-39C4-4982-BD3F-6CFA27EE6037}.DebugNetworkingTest|Any CPU.Build.0 = DebugQuestsControlTest|Any CPU
		{99CB949C-39C4-4982-BD3F-6CFA27EE6037}.DebugNetworkingTest|Mixed Platforms.ActiveCfg = DebugQuestsControlTest|Any CPU
		{99CB949C-39C4-4982-BD3F-6CFA27EE6037}.DebugNetworkingTest|Mixed Platforms.Build.0 = DebugQuestsControlTest|Any CPU
		{99CB949C-39C4-4982-BD3F-6CFA27EE6037}.DebugNetworkingTest|x86.ActiveCfg = DebugQuestsControlTest|Any CPU
		{99CB949C-39C4-4982-BD3F-6CFA27EE6037}.DebugQuestsControlTest|Any CPU.ActiveCfg = DebugQuestsControlTest|Any CPU
		{99CB949C-39C4-4982-BD3F-6CFA27EE6037}.DebugQuestsControlTest|Any CPU.Build.0 = DebugQuestsControlTest|Any CPU
		{99CB949C-39C4-4982-BD3F-6CFA27EE6037}.DebugQuestsControlTest|Mixed Platforms.ActiveCfg = DebugQuestsControlTest|Any CPU
		{99CB949C-39C4-4982-BD3F-6CFA27EE6037}.DebugQuestsControlTest|Mixed Platforms.Build.0 = DebugQuestsControlTest|Any CPU
		{99CB949C-39C4-4982-BD3F-6CFA27EE6037}.DebugQuestsControlTest|x86.ActiveCfg = DebugQuestsControlTest|Any CPU
		{99CB949C-39C4-4982-BD3F-6CFA27EE6037}.Release|Any CPU.ActiveCfg = Release|Any CPU
		{99CB949C-39C4-4982-BD3F-6CFA27EE6037}.Release|Any CPU.Build.0 = Release|Any CPU
		{99CB949C-39C4-4982-BD3F-6CFA27EE6037}.Release|Mixed Platforms.ActiveCfg = Release|Any CPU
		{99CB949C-39C4-4982-BD3F-6CFA27EE6037}.Release|Mixed Platforms.Build.0 = Release|Any CPU
		{99CB949C-39C4-4982-BD3F-6CFA27EE6037}.Release|x86.ActiveCfg = Release|Any CPU
		{99CB949C-39C4-4982-BD3F-6CFA27EE6037}.Release|x86.Build.0 = Release|Any CPU
		{CDEC8CB2-A57E-49E9-91C7-06A8F7AF8355}.Debug|Any CPU.ActiveCfg = Debug|Any CPU
		{CDEC8CB2-A57E-49E9-91C7-06A8F7AF8355}.Debug|Any CPU.Build.0 = Debug|Any CPU
		{CDEC8CB2-A57E-49E9-91C7-06A8F7AF8355}.Debug|Mixed Platforms.ActiveCfg = Debug|Any CPU
		{CDEC8CB2-A57E-49E9-91C7-06A8F7AF8355}.Debug|Mixed Platforms.Build.0 = Debug|Any CPU
		{CDEC8CB2-A57E-49E9-91C7-06A8F7AF8355}.Debug|x86.ActiveCfg = Debug|Any CPU
		{CDEC8CB2-A57E-49E9-91C7-06A8F7AF8355}.Debug|x86.Build.0 = Debug|Any CPU
		{CDEC8CB2-A57E-49E9-91C7-06A8F7AF8355}.DebugGameDocsTest|Any CPU.ActiveCfg = DebugGameDocsTest|Any CPU
		{CDEC8CB2-A57E-49E9-91C7-06A8F7AF8355}.DebugGameDocsTest|Mixed Platforms.ActiveCfg = DebugGameDocsTest|Any CPU
		{CDEC8CB2-A57E-49E9-91C7-06A8F7AF8355}.DebugGameDocsTest|Mixed Platforms.Build.0 = DebugGameDocsTest|Any CPU
		{CDEC8CB2-A57E-49E9-91C7-06A8F7AF8355}.DebugGameDocsTest|x86.ActiveCfg = Debug|Any CPU
		{CDEC8CB2-A57E-49E9-91C7-06A8F7AF8355}.DebugGameDocsTest|x86.Build.0 = Debug|Any CPU
		{CDEC8CB2-A57E-49E9-91C7-06A8F7AF8355}.DebugNetworkingTest|Any CPU.ActiveCfg = DebugQuestsControlTest|Any CPU
		{CDEC8CB2-A57E-49E9-91C7-06A8F7AF8355}.DebugNetworkingTest|Any CPU.Build.0 = DebugQuestsControlTest|Any CPU
		{CDEC8CB2-A57E-49E9-91C7-06A8F7AF8355}.DebugNetworkingTest|Mixed Platforms.ActiveCfg = DebugQuestsControlTest|Any CPU
		{CDEC8CB2-A57E-49E9-91C7-06A8F7AF8355}.DebugNetworkingTest|Mixed Platforms.Build.0 = DebugQuestsControlTest|Any CPU
		{CDEC8CB2-A57E-49E9-91C7-06A8F7AF8355}.DebugNetworkingTest|x86.ActiveCfg = DebugQuestsControlTest|Any CPU
		{CDEC8CB2-A57E-49E9-91C7-06A8F7AF8355}.DebugQuestsControlTest|Any CPU.ActiveCfg = DebugQuestsControlTest|Any CPU
		{CDEC8CB2-A57E-49E9-91C7-06A8F7AF8355}.DebugQuestsControlTest|Any CPU.Build.0 = DebugQuestsControlTest|Any CPU
		{CDEC8CB2-A57E-49E9-91C7-06A8F7AF8355}.DebugQuestsControlTest|Mixed Platforms.ActiveCfg = DebugQuestsControlTest|Any CPU
		{CDEC8CB2-A57E-49E9-91C7-06A8F7AF8355}.DebugQuestsControlTest|Mixed Platforms.Build.0 = DebugQuestsControlTest|Any CPU
		{CDEC8CB2-A57E-49E9-91C7-06A8F7AF8355}.DebugQuestsControlTest|x86.ActiveCfg = DebugQuestsControlTest|Any CPU
		{CDEC8CB2-A57E-49E9-91C7-06A8F7AF8355}.Release|Any CPU.ActiveCfg = Release|Any CPU
		{CDEC8CB2-A57E-49E9-91C7-06A8F7AF8355}.Release|Any CPU.Build.0 = Release|Any CPU
		{CDEC8CB2-A57E-49E9-91C7-06A8F7AF8355}.Release|Mixed Platforms.ActiveCfg = Release|Any CPU
		{CDEC8CB2-A57E-49E9-91C7-06A8F7AF8355}.Release|Mixed Platforms.Build.0 = Release|Any CPU
		{CDEC8CB2-A57E-49E9-91C7-06A8F7AF8355}.Release|x86.ActiveCfg = Release|Any CPU
		{CDEC8CB2-A57E-49E9-91C7-06A8F7AF8355}.Release|x86.Build.0 = Release|Any CPU
		{8B6A12B7-0A9C-499A-A162-EF06203A24E2}.Debug|Any CPU.ActiveCfg = Debug|Any CPU
		{8B6A12B7-0A9C-499A-A162-EF06203A24E2}.Debug|Any CPU.Build.0 = Debug|Any CPU
		{8B6A12B7-0A9C-499A-A162-EF06203A24E2}.Debug|Mixed Platforms.ActiveCfg = Debug|Any CPU
		{8B6A12B7-0A9C-499A-A162-EF06203A24E2}.Debug|Mixed Platforms.Build.0 = Debug|Any CPU
		{8B6A12B7-0A9C-499A-A162-EF06203A24E2}.Debug|x86.ActiveCfg = Debug|Any CPU
		{8B6A12B7-0A9C-499A-A162-EF06203A24E2}.Debug|x86.Build.0 = Debug|Any CPU
		{8B6A12B7-0A9C-499A-A162-EF06203A24E2}.DebugGameDocsTest|Any CPU.ActiveCfg = DebugGameDocsTest|Any CPU
		{8B6A12B7-0A9C-499A-A162-EF06203A24E2}.DebugGameDocsTest|Mixed Platforms.ActiveCfg = DebugGameDocsTest|Any CPU
		{8B6A12B7-0A9C-499A-A162-EF06203A24E2}.DebugGameDocsTest|Mixed Platforms.Build.0 = DebugGameDocsTest|Any CPU
		{8B6A12B7-0A9C-499A-A162-EF06203A24E2}.DebugGameDocsTest|x86.ActiveCfg = Debug|Any CPU
		{8B6A12B7-0A9C-499A-A162-EF06203A24E2}.DebugGameDocsTest|x86.Build.0 = Debug|Any CPU
		{8B6A12B7-0A9C-499A-A162-EF06203A24E2}.DebugNetworkingTest|Any CPU.ActiveCfg = DebugQuestsControlTest|Any CPU
		{8B6A12B7-0A9C-499A-A162-EF06203A24E2}.DebugNetworkingTest|Any CPU.Build.0 = DebugQuestsControlTest|Any CPU
		{8B6A12B7-0A9C-499A-A162-EF06203A24E2}.DebugNetworkingTest|Mixed Platforms.ActiveCfg = DebugQuestsControlTest|Any CPU
		{8B6A12B7-0A9C-499A-A162-EF06203A24E2}.DebugNetworkingTest|Mixed Platforms.Build.0 = DebugQuestsControlTest|Any CPU
		{8B6A12B7-0A9C-499A-A162-EF06203A24E2}.DebugNetworkingTest|x86.ActiveCfg = DebugQuestsControlTest|Any CPU
		{8B6A12B7-0A9C-499A-A162-EF06203A24E2}.DebugQuestsControlTest|Any CPU.ActiveCfg = DebugQuestsControlTest|Any CPU
		{8B6A12B7-0A9C-499A-A162-EF06203A24E2}.DebugQuestsControlTest|Any CPU.Build.0 = DebugQuestsControlTest|Any CPU
		{8B6A12B7-0A9C-499A-A162-EF06203A24E2}.DebugQuestsControlTest|Mixed Platforms.ActiveCfg = DebugQuestsControlTest|Any CPU
		{8B6A12B7-0A9C-499A-A162-EF06203A24E2}.DebugQuestsControlTest|Mixed Platforms.Build.0 = DebugQuestsControlTest|Any CPU
		{8B6A12B7-0A9C-499A-A162-EF06203A24E2}.DebugQuestsControlTest|x86.ActiveCfg = DebugQuestsControlTest|Any CPU
		{8B6A12B7-0A9C-499A-A162-EF06203A24E2}.Release|Any CPU.ActiveCfg = Release|Any CPU
		{8B6A12B7-0A9C-499A-A162-EF06203A24E2}.Release|Any CPU.Build.0 = Release|Any CPU
		{8B6A12B7-0A9C-499A-A162-EF06203A24E2}.Release|Mixed Platforms.ActiveCfg = Release|Any CPU
		{8B6A12B7-0A9C-499A-A162-EF06203A24E2}.Release|Mixed Platforms.Build.0 = Release|Any CPU
		{8B6A12B7-0A9C-499A-A162-EF06203A24E2}.Release|x86.ActiveCfg = Release|Any CPU
		{8B6A12B7-0A9C-499A-A162-EF06203A24E2}.Release|x86.Build.0 = Release|Any CPU
		{4BE6FD20-46E6-49DB-B30A-332F436C2F7D}.Debug|Any CPU.ActiveCfg = Debug|x86
		{4BE6FD20-46E6-49DB-B30A-332F436C2F7D}.Debug|Mixed Platforms.ActiveCfg = Debug|x86
		{4BE6FD20-46E6-49DB-B30A-332F436C2F7D}.Debug|Mixed Platforms.Build.0 = Debug|x86
		{4BE6FD20-46E6-49DB-B30A-332F436C2F7D}.Debug|x86.ActiveCfg = Debug|x86
		{4BE6FD20-46E6-49DB-B30A-332F436C2F7D}.Debug|x86.Build.0 = Debug|x86
		{4BE6FD20-46E6-49DB-B30A-332F436C2F7D}.DebugGameDocsTest|Any CPU.ActiveCfg = DebugGameDocsTest|x86
		{4BE6FD20-46E6-49DB-B30A-332F436C2F7D}.DebugGameDocsTest|Mixed Platforms.ActiveCfg = DebugGameDocsTest|x86
		{4BE6FD20-46E6-49DB-B30A-332F436C2F7D}.DebugGameDocsTest|Mixed Platforms.Build.0 = DebugGameDocsTest|x86
		{4BE6FD20-46E6-49DB-B30A-332F436C2F7D}.DebugGameDocsTest|x86.ActiveCfg = Debug|x86
		{4BE6FD20-46E6-49DB-B30A-332F436C2F7D}.DebugNetworkingTest|Any CPU.ActiveCfg = DebugQuestsControlTest|x86
		{4BE6FD20-46E6-49DB-B30A-332F436C2F7D}.DebugNetworkingTest|Mixed Platforms.ActiveCfg = DebugQuestsControlTest|x86
		{4BE6FD20-46E6-49DB-B30A-332F436C2F7D}.DebugNetworkingTest|Mixed Platforms.Build.0 = DebugQuestsControlTest|x86
		{4BE6FD20-46E6-49DB-B30A-332F436C2F7D}.DebugNetworkingTest|x86.ActiveCfg = DebugQuestsControlTest|x86
		{4BE6FD20-46E6-49DB-B30A-332F436C2F7D}.DebugQuestsControlTest|Any CPU.ActiveCfg = DebugQuestsControlTest|x86
		{4BE6FD20-46E6-49DB-B30A-332F436C2F7D}.DebugQuestsControlTest|Mixed Platforms.ActiveCfg = DebugQuestsControlTest|x86
		{4BE6FD20-46E6-49DB-B30A-332F436C2F7D}.DebugQuestsControlTest|Mixed Platforms.Build.0 = DebugQuestsControlTest|x86
		{4BE6FD20-46E6-49DB-B30A-332F436C2F7D}.DebugQuestsControlTest|x86.ActiveCfg = DebugQuestsControlTest|x86
		{4BE6FD20-46E6-49DB-B30A-332F436C2F7D}.Release|Any CPU.ActiveCfg = Release|x86
		{4BE6FD20-46E6-49DB-B30A-332F436C2F7D}.Release|Mixed Platforms.ActiveCfg = Release|x86
		{4BE6FD20-46E6-49DB-B30A-332F436C2F7D}.Release|Mixed Platforms.Build.0 = Release|x86
		{4BE6FD20-46E6-49DB-B30A-332F436C2F7D}.Release|x86.ActiveCfg = Release|x86
		{4BE6FD20-46E6-49DB-B30A-332F436C2F7D}.Release|x86.Build.0 = Release|x86
		{0414FA40-5E48-43FF-9EDC-BFD8A970D174}.Debug|Any CPU.ActiveCfg = Debug|x86
		{0414FA40-5E48-43FF-9EDC-BFD8A970D174}.Debug|Mixed Platforms.ActiveCfg = Debug|x86
		{0414FA40-5E48-43FF-9EDC-BFD8A970D174}.Debug|Mixed Platforms.Build.0 = Debug|x86
		{0414FA40-5E48-43FF-9EDC-BFD8A970D174}.Debug|x86.ActiveCfg = Debug|x86
		{0414FA40-5E48-43FF-9EDC-BFD8A970D174}.DebugGameDocsTest|Any CPU.ActiveCfg = DebugGameDocsTest|x86
		{0414FA40-5E48-43FF-9EDC-BFD8A970D174}.DebugGameDocsTest|Mixed Platforms.ActiveCfg = DebugGameDocsTest|x86
		{0414FA40-5E48-43FF-9EDC-BFD8A970D174}.DebugGameDocsTest|Mixed Platforms.Build.0 = DebugGameDocsTest|x86
		{0414FA40-5E48-43FF-9EDC-BFD8A970D174}.DebugGameDocsTest|x86.ActiveCfg = Debug|x86
		{0414FA40-5E48-43FF-9EDC-BFD8A970D174}.DebugNetworkingTest|Any CPU.ActiveCfg = DebugQuestsControlTest|x86
		{0414FA40-5E48-43FF-9EDC-BFD8A970D174}.DebugNetworkingTest|Mixed Platforms.ActiveCfg = DebugQuestsControlTest|x86
		{0414FA40-5E48-43FF-9EDC-BFD8A970D174}.DebugNetworkingTest|Mixed Platforms.Build.0 = DebugQuestsControlTest|x86
		{0414FA40-5E48-43FF-9EDC-BFD8A970D174}.DebugNetworkingTest|x86.ActiveCfg = DebugQuestsControlTest|x86
		{0414FA40-5E48-43FF-9EDC-BFD8A970D174}.DebugQuestsControlTest|Any CPU.ActiveCfg = DebugQuestsControlTest|x86
		{0414FA40-5E48-43FF-9EDC-BFD8A970D174}.DebugQuestsControlTest|Mixed Platforms.ActiveCfg = DebugQuestsControlTest|x86
		{0414FA40-5E48-43FF-9EDC-BFD8A970D174}.DebugQuestsControlTest|Mixed Platforms.Build.0 = DebugQuestsControlTest|x86
		{0414FA40-5E48-43FF-9EDC-BFD8A970D174}.DebugQuestsControlTest|x86.ActiveCfg = DebugQuestsControlTest|x86
		{0414FA40-5E48-43FF-9EDC-BFD8A970D174}.Release|Any CPU.ActiveCfg = Release|x86
		{0414FA40-5E48-43FF-9EDC-BFD8A970D174}.Release|Mixed Platforms.ActiveCfg = Release|x86
		{0414FA40-5E48-43FF-9EDC-BFD8A970D174}.Release|Mixed Platforms.Build.0 = Release|x86
		{0414FA40-5E48-43FF-9EDC-BFD8A970D174}.Release|x86.ActiveCfg = Release|x86
		{0AA86DD8-394C-44E2-89CF-C6FF45D4C6D0}.Debug|Any CPU.ActiveCfg = Debug|Any CPU
		{0AA86DD8-394C-44E2-89CF-C6FF45D4C6D0}.Debug|Any CPU.Build.0 = Debug|Any CPU
		{0AA86DD8-394C-44E2-89CF-C6FF45D4C6D0}.Debug|Mixed Platforms.ActiveCfg = Debug|Any CPU
		{0AA86DD8-394C-44E2-89CF-C6FF45D4C6D0}.Debug|Mixed Platforms.Build.0 = Debug|Any CPU
		{0AA86DD8-394C-44E2-89CF-C6FF45D4C6D0}.Debug|x86.ActiveCfg = Debug|Any CPU
		{0AA86DD8-394C-44E2-89CF-C6FF45D4C6D0}.DebugGameDocsTest|Any CPU.ActiveCfg = DebugGameDocsTest|Any CPU
		{0AA86DD8-394C-44E2-89CF-C6FF45D4C6D0}.DebugGameDocsTest|Mixed Platforms.ActiveCfg = DebugGameDocsTest|Any CPU
		{0AA86DD8-394C-44E2-89CF-C6FF45D4C6D0}.DebugGameDocsTest|Mixed Platforms.Build.0 = DebugGameDocsTest|Any CPU
		{0AA86DD8-394C-44E2-89CF-C6FF45D4C6D0}.DebugGameDocsTest|x86.ActiveCfg = DebugGameDocsTest|Any CPU
		{0AA86DD8-394C-44E2-89CF-C6FF45D4C6D0}.DebugNetworkingTest|Any CPU.ActiveCfg = DebugQuestsControlTest|Any CPU
		{0AA86DD8-394C-44E2-89CF-C6FF45D4C6D0}.DebugNetworkingTest|Any CPU.Build.0 = DebugQuestsControlTest|Any CPU
		{0AA86DD8-394C-44E2-89CF-C6FF45D4C6D0}.DebugNetworkingTest|Mixed Platforms.ActiveCfg = DebugQuestsControlTest|Any CPU
		{0AA86DD8-394C-44E2-89CF-C6FF45D4C6D0}.DebugNetworkingTest|Mixed Platforms.Build.0 = DebugQuestsControlTest|Any CPU
		{0AA86DD8-394C-44E2-89CF-C6FF45D4C6D0}.DebugNetworkingTest|x86.ActiveCfg = DebugQuestsControlTest|Any CPU
		{0AA86DD8-394C-44E2-89CF-C6FF45D4C6D0}.DebugQuestsControlTest|Any CPU.ActiveCfg = DebugQuestsControlTest|Any CPU
		{0AA86DD8-394C-44E2-89CF-C6FF45D4C6D0}.DebugQuestsControlTest|Any CPU.Build.0 = DebugQuestsControlTest|Any CPU
		{0AA86DD8-394C-44E2-89CF-C6FF45D4C6D0}.DebugQuestsControlTest|Mixed Platforms.ActiveCfg = DebugQuestsControlTest|Any CPU
		{0AA86DD8-394C-44E2-89CF-C6FF45D4C6D0}.DebugQuestsControlTest|Mixed Platforms.Build.0 = DebugQuestsControlTest|Any CPU
		{0AA86DD8-394C-44E2-89CF-C6FF45D4C6D0}.DebugQuestsControlTest|x86.ActiveCfg = DebugQuestsControlTest|Any CPU
		{0AA86DD8-394C-44E2-89CF-C6FF45D4C6D0}.Release|Any CPU.ActiveCfg = Release|Any CPU
		{0AA86DD8-394C-44E2-89CF-C6FF45D4C6D0}.Release|Any CPU.Build.0 = Release|Any CPU
		{0AA86DD8-394C-44E2-89CF-C6FF45D4C6D0}.Release|Mixed Platforms.ActiveCfg = Release|Any CPU
		{0AA86DD8-394C-44E2-89CF-C6FF45D4C6D0}.Release|Mixed Platforms.Build.0 = Release|Any CPU
		{0AA86DD8-394C-44E2-89CF-C6FF45D4C6D0}.Release|x86.ActiveCfg = Release|Any CPU
		{A74B8493-59F1-44B7-BFC0-9C41F4F238EF}.Debug|Any CPU.ActiveCfg = Debug|Any CPU
		{A74B8493-59F1-44B7-BFC0-9C41F4F238EF}.Debug|Any CPU.Build.0 = Debug|Any CPU
		{A74B8493-59F1-44B7-BFC0-9C41F4F238EF}.Debug|Mixed Platforms.ActiveCfg = Debug|Any CPU
		{A74B8493-59F1-44B7-BFC0-9C41F4F238EF}.Debug|Mixed Platforms.Build.0 = Debug|Any CPU
		{A74B8493-59F1-44B7-BFC0-9C41F4F238EF}.Debug|x86.ActiveCfg = Debug|Any CPU
		{A74B8493-59F1-44B7-BFC0-9C41F4F238EF}.Debug|x86.Build.0 = Debug|Any CPU
		{A74B8493-59F1-44B7-BFC0-9C41F4F238EF}.DebugGameDocsTest|Any CPU.ActiveCfg = DebugGameDocsTest|Any CPU
		{A74B8493-59F1-44B7-BFC0-9C41F4F238EF}.DebugGameDocsTest|Mixed Platforms.ActiveCfg = DebugGameDocsTest|Any CPU
		{A74B8493-59F1-44B7-BFC0-9C41F4F238EF}.DebugGameDocsTest|Mixed Platforms.Build.0 = DebugGameDocsTest|Any CPU
		{A74B8493-59F1-44B7-BFC0-9C41F4F238EF}.DebugGameDocsTest|x86.ActiveCfg = Debug|Any CPU
		{A74B8493-59F1-44B7-BFC0-9C41F4F238EF}.DebugGameDocsTest|x86.Build.0 = Debug|Any CPU
		{A74B8493-59F1-44B7-BFC0-9C41F4F238EF}.DebugNetworkingTest|Any CPU.ActiveCfg = DebugQuestsControlTest|Any CPU
		{A74B8493-59F1-44B7-BFC0-9C41F4F238EF}.DebugNetworkingTest|Any CPU.Build.0 = DebugQuestsControlTest|Any CPU
		{A74B8493-59F1-44B7-BFC0-9C41F4F238EF}.DebugNetworkingTest|Mixed Platforms.ActiveCfg = DebugQuestsControlTest|Any CPU
		{A74B8493-59F1-44B7-BFC0-9C41F4F238EF}.DebugNetworkingTest|Mixed Platforms.Build.0 = DebugQuestsControlTest|Any CPU
		{A74B8493-59F1-44B7-BFC0-9C41F4F238EF}.DebugNetworkingTest|x86.ActiveCfg = DebugQuestsControlTest|Any CPU
		{A74B8493-59F1-44B7-BFC0-9C41F4F238EF}.DebugQuestsControlTest|Any CPU.ActiveCfg = DebugQuestsControlTest|Any CPU
		{A74B8493-59F1-44B7-BFC0-9C41F4F238EF}.DebugQuestsControlTest|Any CPU.Build.0 = DebugQuestsControlTest|Any CPU
		{A74B8493-59F1-44B7-BFC0-9C41F4F238EF}.DebugQuestsControlTest|Mixed Platforms.ActiveCfg = DebugQuestsControlTest|Any CPU
		{A74B8493-59F1-44B7-BFC0-9C41F4F238EF}.DebugQuestsControlTest|Mixed Platforms.Build.0 = DebugQuestsControlTest|Any CPU
		{A74B8493-59F1-44B7-BFC0-9C41F4F238EF}.DebugQuestsControlTest|x86.ActiveCfg = DebugQuestsControlTest|Any CPU
		{A74B8493-59F1-44B7-BFC0-9C41F4F238EF}.Release|Any CPU.ActiveCfg = Release|Any CPU
		{A74B8493-59F1-44B7-BFC0-9C41F4F238EF}.Release|Any CPU.Build.0 = Release|Any CPU
		{A74B8493-59F1-44B7-BFC0-9C41F4F238EF}.Release|Mixed Platforms.ActiveCfg = Release|Any CPU
		{A74B8493-59F1-44B7-BFC0-9C41F4F238EF}.Release|Mixed Platforms.Build.0 = Release|Any CPU
		{A74B8493-59F1-44B7-BFC0-9C41F4F238EF}.Release|x86.ActiveCfg = Release|Any CPU
		{A74B8493-59F1-44B7-BFC0-9C41F4F238EF}.Release|x86.Build.0 = Release|Any CPU
		{3BAFA179-5F2E-4DC5-9AC2-DB689688793C}.Debug|Any CPU.ActiveCfg = Debug|Any CPU
		{3BAFA179-5F2E-4DC5-9AC2-DB689688793C}.Debug|Any CPU.Build.0 = Debug|Any CPU
		{3BAFA179-5F2E-4DC5-9AC2-DB689688793C}.Debug|Mixed Platforms.ActiveCfg = Debug|Any CPU
		{3BAFA179-5F2E-4DC5-9AC2-DB689688793C}.Debug|Mixed Platforms.Build.0 = Debug|Any CPU
		{3BAFA179-5F2E-4DC5-9AC2-DB689688793C}.Debug|x86.ActiveCfg = Debug|Any CPU
		{3BAFA179-5F2E-4DC5-9AC2-DB689688793C}.Debug|x86.Build.0 = Debug|Any CPU
		{3BAFA179-5F2E-4DC5-9AC2-DB689688793C}.DebugGameDocsTest|Any CPU.ActiveCfg = DebugGameDocsTest|Any CPU
		{3BAFA179-5F2E-4DC5-9AC2-DB689688793C}.DebugGameDocsTest|Mixed Platforms.ActiveCfg = DebugGameDocsTest|Any CPU
		{3BAFA179-5F2E-4DC5-9AC2-DB689688793C}.DebugGameDocsTest|Mixed Platforms.Build.0 = DebugGameDocsTest|Any CPU
		{3BAFA179-5F2E-4DC5-9AC2-DB689688793C}.DebugGameDocsTest|x86.ActiveCfg = Debug|Any CPU
		{3BAFA179-5F2E-4DC5-9AC2-DB689688793C}.DebugGameDocsTest|x86.Build.0 = Debug|Any CPU
		{3BAFA179-5F2E-4DC5-9AC2-DB689688793C}.DebugNetworkingTest|Any CPU.ActiveCfg = DebugQuestsControlTest|Any CPU
		{3BAFA179-5F2E-4DC5-9AC2-DB689688793C}.DebugNetworkingTest|Any CPU.Build.0 = DebugQuestsControlTest|Any CPU
		{3BAFA179-5F2E-4DC5-9AC2-DB689688793C}.DebugNetworkingTest|Mixed Platforms.ActiveCfg = DebugQuestsControlTest|Any CPU
		{3BAFA179-5F2E-4DC5-9AC2-DB689688793C}.DebugNetworkingTest|Mixed Platforms.Build.0 = DebugQuestsControlTest|Any CPU
		{3BAFA179-5F2E-4DC5-9AC2-DB689688793C}.DebugNetworkingTest|x86.ActiveCfg = DebugQuestsControlTest|Any CPU
		{3BAFA179-5F2E-4DC5-9AC2-DB689688793C}.DebugQuestsControlTest|Any CPU.ActiveCfg = DebugQuestsControlTest|Any CPU
		{3BAFA179-5F2E-4DC5-9AC2-DB689688793C}.DebugQuestsControlTest|Any CPU.Build.0 = DebugQuestsControlTest|Any CPU
		{3BAFA179-5F2E-4DC5-9AC2-DB689688793C}.DebugQuestsControlTest|Mixed Platforms.ActiveCfg = DebugQuestsControlTest|Any CPU
		{3BAFA179-5F2E-4DC5-9AC2-DB689688793C}.DebugQuestsControlTest|Mixed Platforms.Build.0 = DebugQuestsControlTest|Any CPU
		{3BAFA179-5F2E-4DC5-9AC2-DB689688793C}.DebugQuestsControlTest|x86.ActiveCfg = DebugQuestsControlTest|Any CPU
		{3BAFA179-5F2E-4DC5-9AC2-DB689688793C}.Release|Any CPU.ActiveCfg = Release|Any CPU
		{3BAFA179-5F2E-4DC5-9AC2-DB689688793C}.Release|Any CPU.Build.0 = Release|Any CPU
		{3BAFA179-5F2E-4DC5-9AC2-DB689688793C}.Release|Mixed Platforms.ActiveCfg = Release|Any CPU
		{3BAFA179-5F2E-4DC5-9AC2-DB689688793C}.Release|Mixed Platforms.Build.0 = Release|Any CPU
		{3BAFA179-5F2E-4DC5-9AC2-DB689688793C}.Release|x86.ActiveCfg = Release|Any CPU
		{3BAFA179-5F2E-4DC5-9AC2-DB689688793C}.Release|x86.Build.0 = Release|Any CPU
		{35AD41CC-095D-4168-B9E3-4BAE935AB41E}.Debug|Any CPU.ActiveCfg = Debug|x86
		{35AD41CC-095D-4168-B9E3-4BAE935AB41E}.Debug|Mixed Platforms.ActiveCfg = Debug|x86
		{35AD41CC-095D-4168-B9E3-4BAE935AB41E}.Debug|Mixed Platforms.Build.0 = Debug|x86
		{35AD41CC-095D-4168-B9E3-4BAE935AB41E}.Debug|x86.ActiveCfg = Debug|x86
		{35AD41CC-095D-4168-B9E3-4BAE935AB41E}.DebugGameDocsTest|Any CPU.ActiveCfg = DebugGameDocsTest|x86
		{35AD41CC-095D-4168-B9E3-4BAE935AB41E}.DebugGameDocsTest|Mixed Platforms.ActiveCfg = DebugGameDocsTest|x86
		{35AD41CC-095D-4168-B9E3-4BAE935AB41E}.DebugGameDocsTest|Mixed Platforms.Build.0 = DebugGameDocsTest|x86
		{35AD41CC-095D-4168-B9E3-4BAE935AB41E}.DebugGameDocsTest|x86.ActiveCfg = DebugGameDocsTest|x86
		{35AD41CC-095D-4168-B9E3-4BAE935AB41E}.DebugNetworkingTest|Any CPU.ActiveCfg = DebugQuestsControlTest|x86
		{35AD41CC-095D-4168-B9E3-4BAE935AB41E}.DebugNetworkingTest|Mixed Platforms.ActiveCfg = DebugQuestsControlTest|x86
		{35AD41CC-095D-4168-B9E3-4BAE935AB41E}.DebugNetworkingTest|Mixed Platforms.Build.0 = DebugQuestsControlTest|x86
		{35AD41CC-095D-4168-B9E3-4BAE935AB41E}.DebugNetworkingTest|x86.ActiveCfg = DebugQuestsControlTest|x86
		{35AD41CC-095D-4168-B9E3-4BAE935AB41E}.DebugQuestsControlTest|Any CPU.ActiveCfg = DebugQuestsControlTest|x86
		{35AD41CC-095D-4168-B9E3-4BAE935AB41E}.DebugQuestsControlTest|Mixed Platforms.ActiveCfg = DebugQuestsControlTest|x86
		{35AD41CC-095D-4168-B9E3-4BAE935AB41E}.DebugQuestsControlTest|Mixed Platforms.Build.0 = DebugQuestsControlTest|x86
		{35AD41CC-095D-4168-B9E3-4BAE935AB41E}.DebugQuestsControlTest|x86.ActiveCfg = DebugQuestsControlTest|x86
		{35AD41CC-095D-4168-B9E3-4BAE935AB41E}.Release|Any CPU.ActiveCfg = Release|x86
		{35AD41CC-095D-4168-B9E3-4BAE935AB41E}.Release|Mixed Platforms.ActiveCfg = Release|x86
		{35AD41CC-095D-4168-B9E3-4BAE935AB41E}.Release|Mixed Platforms.Build.0 = Release|x86
		{35AD41CC-095D-4168-B9E3-4BAE935AB41E}.Release|x86.ActiveCfg = Release|x86
		{B6FC1AE6-0066-442F-BF3F-AEA88A344C80}.Debug|Any CPU.ActiveCfg = Debug|x86
		{B6FC1AE6-0066-442F-BF3F-AEA88A344C80}.Debug|Mixed Platforms.ActiveCfg = Debug|x86
		{B6FC1AE6-0066-442F-BF3F-AEA88A344C80}.Debug|Mixed Platforms.Build.0 = Debug|x86
		{B6FC1AE6-0066-442F-BF3F-AEA88A344C80}.Debug|x86.ActiveCfg = Debug|x86
		{B6FC1AE6-0066-442F-BF3F-AEA88A344C80}.Debug|x86.Build.0 = Debug|x86
		{B6FC1AE6-0066-442F-BF3F-AEA88A344C80}.DebugGameDocsTest|Any CPU.ActiveCfg = Debug|x86
		{B6FC1AE6-0066-442F-BF3F-AEA88A344C80}.DebugGameDocsTest|Mixed Platforms.ActiveCfg = Debug|x86
		{B6FC1AE6-0066-442F-BF3F-AEA88A344C80}.DebugGameDocsTest|Mixed Platforms.Build.0 = Debug|x86
		{B6FC1AE6-0066-442F-BF3F-AEA88A344C80}.DebugGameDocsTest|x86.ActiveCfg = Debug|x86
		{B6FC1AE6-0066-442F-BF3F-AEA88A344C80}.DebugNetworkingTest|Any CPU.ActiveCfg = DebugQuestsControlTest|x86
		{B6FC1AE6-0066-442F-BF3F-AEA88A344C80}.DebugNetworkingTest|Mixed Platforms.ActiveCfg = DebugQuestsControlTest|x86
		{B6FC1AE6-0066-442F-BF3F-AEA88A344C80}.DebugNetworkingTest|Mixed Platforms.Build.0 = DebugQuestsControlTest|x86
		{B6FC1AE6-0066-442F-BF3F-AEA88A344C80}.DebugNetworkingTest|x86.ActiveCfg = DebugQuestsControlTest|x86
		{B6FC1AE6-0066-442F-BF3F-AEA88A344C80}.DebugQuestsControlTest|Any CPU.ActiveCfg = DebugQuestsControlTest|x86
		{B6FC1AE6-0066-442F-BF3F-AEA88A344C80}.DebugQuestsControlTest|Mixed Platforms.ActiveCfg = DebugQuestsControlTest|x86
		{B6FC1AE6-0066-442F-BF3F-AEA88A344C80}.DebugQuestsControlTest|Mixed Platforms.Build.0 = DebugQuestsControlTest|x86
		{B6FC1AE6-0066-442F-BF3F-AEA88A344C80}.DebugQuestsControlTest|x86.ActiveCfg = DebugQuestsControlTest|x86
		{B6FC1AE6-0066-442F-BF3F-AEA88A344C80}.Release|Any CPU.ActiveCfg = Release|x86
		{B6FC1AE6-0066-442F-BF3F-AEA88A344C80}.Release|Mixed Platforms.ActiveCfg = Release|x86
		{B6FC1AE6-0066-442F-BF3F-AEA88A344C80}.Release|Mixed Platforms.Build.0 = Release|x86
		{B6FC1AE6-0066-442F-BF3F-AEA88A344C80}.Release|x86.ActiveCfg = Release|x86
		{B6FC1AE6-0066-442F-BF3F-AEA88A344C80}.Release|x86.Build.0 = Release|x86
		{BD6AC121-CE0E-4B65-81E1-BA33BEC9C5F3}.Debug|Any CPU.ActiveCfg = Debug|x86
		{BD6AC121-CE0E-4B65-81E1-BA33BEC9C5F3}.Debug|Mixed Platforms.ActiveCfg = Debug|x86
		{BD6AC121-CE0E-4B65-81E1-BA33BEC9C5F3}.Debug|Mixed Platforms.Build.0 = Debug|x86
		{BD6AC121-CE0E-4B65-81E1-BA33BEC9C5F3}.Debug|x86.ActiveCfg = Debug|x86
		{BD6AC121-CE0E-4B65-81E1-BA33BEC9C5F3}.DebugGameDocsTest|Any CPU.ActiveCfg = Debug|x86
		{BD6AC121-CE0E-4B65-81E1-BA33BEC9C5F3}.DebugGameDocsTest|Mixed Platforms.ActiveCfg = Debug|x86
		{BD6AC121-CE0E-4B65-81E1-BA33BEC9C5F3}.DebugGameDocsTest|Mixed Platforms.Build.0 = Debug|x86
		{BD6AC121-CE0E-4B65-81E1-BA33BEC9C5F3}.DebugGameDocsTest|x86.ActiveCfg = Debug|x86
		{BD6AC121-CE0E-4B65-81E1-BA33BEC9C5F3}.DebugNetworkingTest|Any CPU.ActiveCfg = Debug|x86
		{BD6AC121-CE0E-4B65-81E1-BA33BEC9C5F3}.DebugNetworkingTest|Mixed Platforms.ActiveCfg = Debug|x86
		{BD6AC121-CE0E-4B65-81E1-BA33BEC9C5F3}.DebugNetworkingTest|Mixed Platforms.Build.0 = Debug|x86
		{BD6AC121-CE0E-4B65-81E1-BA33BEC9C5F3}.DebugNetworkingTest|x86.ActiveCfg = Debug|x86
		{BD6AC121-CE0E-4B65-81E1-BA33BEC9C5F3}.DebugQuestsControlTest|Any CPU.ActiveCfg = Debug|x86
		{BD6AC121-CE0E-4B65-81E1-BA33BEC9C5F3}.DebugQuestsControlTest|Mixed Platforms.ActiveCfg = Debug|x86
		{BD6AC121-CE0E-4B65-81E1-BA33BEC9C5F3}.DebugQuestsControlTest|Mixed Platforms.Build.0 = Debug|x86
		{BD6AC121-CE0E-4B65-81E1-BA33BEC9C5F3}.DebugQuestsControlTest|x86.ActiveCfg = Debug|x86
		{BD6AC121-CE0E-4B65-81E1-BA33BEC9C5F3}.Release|Any CPU.ActiveCfg = Release|x86
		{BD6AC121-CE0E-4B65-81E1-BA33BEC9C5F3}.Release|Mixed Platforms.ActiveCfg = Release|x86
		{BD6AC121-CE0E-4B65-81E1-BA33BEC9C5F3}.Release|Mixed Platforms.Build.0 = Release|x86
		{BD6AC121-CE0E-4B65-81E1-BA33BEC9C5F3}.Release|x86.ActiveCfg = Release|x86
		{95463E7F-DFD5-488E-8EB0-84E0D0EDEAF1}.Debug|Any CPU.ActiveCfg = Debug|Any CPU
		{95463E7F-DFD5-488E-8EB0-84E0D0EDEAF1}.Debug|Any CPU.Build.0 = Debug|Any CPU
		{95463E7F-DFD5-488E-8EB0-84E0D0EDEAF1}.Debug|Mixed Platforms.ActiveCfg = Debug|Any CPU
		{95463E7F-DFD5-488E-8EB0-84E0D0EDEAF1}.Debug|Mixed Platforms.Build.0 = Debug|Any CPU
		{95463E7F-DFD5-488E-8EB0-84E0D0EDEAF1}.Debug|x86.ActiveCfg = Debug|Any CPU
		{95463E7F-DFD5-488E-8EB0-84E0D0EDEAF1}.Debug|x86.Build.0 = Debug|Any CPU
		{95463E7F-DFD5-488E-8EB0-84E0D0EDEAF1}.DebugGameDocsTest|Any CPU.ActiveCfg = Debug|Any CPU
		{95463E7F-DFD5-488E-8EB0-84E0D0EDEAF1}.DebugGameDocsTest|Any CPU.Build.0 = Debug|Any CPU
		{95463E7F-DFD5-488E-8EB0-84E0D0EDEAF1}.DebugGameDocsTest|Mixed Platforms.ActiveCfg = Debug|Any CPU
		{95463E7F-DFD5-488E-8EB0-84E0D0EDEAF1}.DebugGameDocsTest|Mixed Platforms.Build.0 = Debug|Any CPU
		{95463E7F-DFD5-488E-8EB0-84E0D0EDEAF1}.DebugGameDocsTest|x86.ActiveCfg = Debug|Any CPU
		{95463E7F-DFD5-488E-8EB0-84E0D0EDEAF1}.DebugNetworkingTest|Any CPU.ActiveCfg = DebugQuestsControlTest|Any CPU
		{95463E7F-DFD5-488E-8EB0-84E0D0EDEAF1}.DebugNetworkingTest|Any CPU.Build.0 = DebugQuestsControlTest|Any CPU
		{95463E7F-DFD5-488E-8EB0-84E0D0EDEAF1}.DebugNetworkingTest|Mixed Platforms.ActiveCfg = DebugQuestsControlTest|Any CPU
		{95463E7F-DFD5-488E-8EB0-84E0D0EDEAF1}.DebugNetworkingTest|Mixed Platforms.Build.0 = DebugQuestsControlTest|Any CPU
		{95463E7F-DFD5-488E-8EB0-84E0D0EDEAF1}.DebugNetworkingTest|x86.ActiveCfg = DebugQuestsControlTest|Any CPU
		{95463E7F-DFD5-488E-8EB0-84E0D0EDEAF1}.DebugQuestsControlTest|Any CPU.ActiveCfg = DebugQuestsControlTest|Any CPU
		{95463E7F-DFD5-488E-8EB0-84E0D0EDEAF1}.DebugQuestsControlTest|Any CPU.Build.0 = DebugQuestsControlTest|Any CPU
		{95463E7F-DFD5-488E-8EB0-84E0D0EDEAF1}.DebugQuestsControlTest|Mixed Platforms.ActiveCfg = DebugQuestsControlTest|Any CPU
		{95463E7F-DFD5-488E-8EB0-84E0D0EDEAF1}.DebugQuestsControlTest|Mixed Platforms.Build.0 = DebugQuestsControlTest|Any CPU
		{95463E7F-DFD5-488E-8EB0-84E0D0EDEAF1}.DebugQuestsControlTest|x86.ActiveCfg = DebugQuestsControlTest|Any CPU
		{95463E7F-DFD5-488E-8EB0-84E0D0EDEAF1}.Release|Any CPU.ActiveCfg = Release|Any CPU
		{95463E7F-DFD5-488E-8EB0-84E0D0EDEAF1}.Release|Any CPU.Build.0 = Release|Any CPU
		{95463E7F-DFD5-488E-8EB0-84E0D0EDEAF1}.Release|Mixed Platforms.ActiveCfg = Release|Any CPU
		{95463E7F-DFD5-488E-8EB0-84E0D0EDEAF1}.Release|Mixed Platforms.Build.0 = Release|Any CPU
		{95463E7F-DFD5-488E-8EB0-84E0D0EDEAF1}.Release|x86.ActiveCfg = Release|Any CPU
		{B2653A3F-A6EE-4212-BFE5-FDA3C6C18D2F}.Debug|Any CPU.ActiveCfg = Debug|Any CPU
		{B2653A3F-A6EE-4212-BFE5-FDA3C6C18D2F}.Debug|Any CPU.Build.0 = Debug|Any CPU
		{B2653A3F-A6EE-4212-BFE5-FDA3C6C18D2F}.Debug|Mixed Platforms.ActiveCfg = Debug|Any CPU
		{B2653A3F-A6EE-4212-BFE5-FDA3C6C18D2F}.Debug|Mixed Platforms.Build.0 = Debug|Any CPU
		{B2653A3F-A6EE-4212-BFE5-FDA3C6C18D2F}.Debug|x86.ActiveCfg = Debug|Any CPU
		{B2653A3F-A6EE-4212-BFE5-FDA3C6C18D2F}.Debug|x86.Build.0 = Debug|Any CPU
		{B2653A3F-A6EE-4212-BFE5-FDA3C6C18D2F}.DebugGameDocsTest|Any CPU.ActiveCfg = Debug|Any CPU
		{B2653A3F-A6EE-4212-BFE5-FDA3C6C18D2F}.DebugGameDocsTest|Any CPU.Build.0 = Debug|Any CPU
		{B2653A3F-A6EE-4212-BFE5-FDA3C6C18D2F}.DebugGameDocsTest|Mixed Platforms.ActiveCfg = Debug|Any CPU
		{B2653A3F-A6EE-4212-BFE5-FDA3C6C18D2F}.DebugGameDocsTest|Mixed Platforms.Build.0 = Debug|Any CPU
		{B2653A3F-A6EE-4212-BFE5-FDA3C6C18D2F}.DebugGameDocsTest|x86.ActiveCfg = Debug|Any CPU
		{B2653A3F-A6EE-4212-BFE5-FDA3C6C18D2F}.DebugNetworkingTest|Any CPU.ActiveCfg = DebugQuestsControlTest|Any CPU
		{B2653A3F-A6EE-4212-BFE5-FDA3C6C18D2F}.DebugNetworkingTest|Any CPU.Build.0 = DebugQuestsControlTest|Any CPU
		{B2653A3F-A6EE-4212-BFE5-FDA3C6C18D2F}.DebugNetworkingTest|Mixed Platforms.ActiveCfg = DebugQuestsControlTest|Any CPU
		{B2653A3F-A6EE-4212-BFE5-FDA3C6C18D2F}.DebugNetworkingTest|Mixed Platforms.Build.0 = DebugQuestsControlTest|Any CPU
		{B2653A3F-A6EE-4212-BFE5-FDA3C6C18D2F}.DebugNetworkingTest|x86.ActiveCfg = DebugQuestsControlTest|Any CPU
		{B2653A3F-A6EE-4212-BFE5-FDA3C6C18D2F}.DebugQuestsControlTest|Any CPU.ActiveCfg = DebugQuestsControlTest|Any CPU
		{B2653A3F-A6EE-4212-BFE5-FDA3C6C18D2F}.DebugQuestsControlTest|Any CPU.Build.0 = DebugQuestsControlTest|Any CPU
		{B2653A3F-A6EE-4212-BFE5-FDA3C6C18D2F}.DebugQuestsControlTest|Mixed Platforms.ActiveCfg = DebugQuestsControlTest|Any CPU
		{B2653A3F-A6EE-4212-BFE5-FDA3C6C18D2F}.DebugQuestsControlTest|Mixed Platforms.Build.0 = DebugQuestsControlTest|Any CPU
		{B2653A3F-A6EE-4212-BFE5-FDA3C6C18D2F}.DebugQuestsControlTest|x86.ActiveCfg = Debug|Any CPU
		{B2653A3F-A6EE-4212-BFE5-FDA3C6C18D2F}.DebugQuestsControlTest|x86.Build.0 = Debug|Any CPU
		{B2653A3F-A6EE-4212-BFE5-FDA3C6C18D2F}.Release|Any CPU.ActiveCfg = Release|Any CPU
		{B2653A3F-A6EE-4212-BFE5-FDA3C6C18D2F}.Release|Any CPU.Build.0 = Release|Any CPU
		{B2653A3F-A6EE-4212-BFE5-FDA3C6C18D2F}.Release|Mixed Platforms.ActiveCfg = Release|Any CPU
		{B2653A3F-A6EE-4212-BFE5-FDA3C6C18D2F}.Release|Mixed Platforms.Build.0 = Release|Any CPU
		{B2653A3F-A6EE-4212-BFE5-FDA3C6C18D2F}.Release|x86.ActiveCfg = Release|Any CPU
		{737295B8-1D59-44E9-BAEE-02AE923ACA04}.Debug|Any CPU.ActiveCfg = Debug|x86
		{737295B8-1D59-44E9-BAEE-02AE923ACA04}.Debug|Mixed Platforms.ActiveCfg = Debug|x86
		{737295B8-1D59-44E9-BAEE-02AE923ACA04}.Debug|Mixed Platforms.Build.0 = Debug|x86
		{737295B8-1D59-44E9-BAEE-02AE923ACA04}.Debug|x86.ActiveCfg = Debug|x86
		{737295B8-1D59-44E9-BAEE-02AE923ACA04}.Debug|x86.Build.0 = Debug|x86
		{737295B8-1D59-44E9-BAEE-02AE923ACA04}.DebugGameDocsTest|Any CPU.ActiveCfg = Debug|x86
		{737295B8-1D59-44E9-BAEE-02AE923ACA04}.DebugGameDocsTest|Mixed Platforms.ActiveCfg = Debug|x86
		{737295B8-1D59-44E9-BAEE-02AE923ACA04}.DebugGameDocsTest|Mixed Platforms.Build.0 = Debug|x86
		{737295B8-1D59-44E9-BAEE-02AE923ACA04}.DebugGameDocsTest|x86.ActiveCfg = Debug|x86
		{737295B8-1D59-44E9-BAEE-02AE923ACA04}.DebugNetworkingTest|Any CPU.ActiveCfg = DebugQuestsControlTest|x86
		{737295B8-1D59-44E9-BAEE-02AE923ACA04}.DebugNetworkingTest|Mixed Platforms.ActiveCfg = DebugQuestsControlTest|x86
		{737295B8-1D59-44E9-BAEE-02AE923ACA04}.DebugNetworkingTest|Mixed Platforms.Build.0 = DebugQuestsControlTest|x86
		{737295B8-1D59-44E9-BAEE-02AE923ACA04}.DebugNetworkingTest|x86.ActiveCfg = DebugQuestsControlTest|x86
		{737295B8-1D59-44E9-BAEE-02AE923ACA04}.DebugQuestsControlTest|Any CPU.ActiveCfg = DebugQuestsControlTest|x86
		{737295B8-1D59-44E9-BAEE-02AE923ACA04}.DebugQuestsControlTest|Mixed Platforms.ActiveCfg = DebugQuestsControlTest|x86
		{737295B8-1D59-44E9-BAEE-02AE923ACA04}.DebugQuestsControlTest|Mixed Platforms.Build.0 = DebugQuestsControlTest|x86
		{737295B8-1D59-44E9-BAEE-02AE923ACA04}.DebugQuestsControlTest|x86.ActiveCfg = Debug|x86
		{737295B8-1D59-44E9-BAEE-02AE923ACA04}.DebugQuestsControlTest|x86.Build.0 = Debug|x86
		{737295B8-1D59-44E9-BAEE-02AE923ACA04}.Release|Any CPU.ActiveCfg = Release|x86
		{737295B8-1D59-44E9-BAEE-02AE923ACA04}.Release|Mixed Platforms.ActiveCfg = Release|x86
		{737295B8-1D59-44E9-BAEE-02AE923ACA04}.Release|Mixed Platforms.Build.0 = Release|x86
		{737295B8-1D59-44E9-BAEE-02AE923ACA04}.Release|x86.ActiveCfg = Release|x86
		{737295B8-1D59-44E9-BAEE-02AE923ACA04}.Release|x86.Build.0 = Release|x86
		{65D0C3FE-C558-44D4-B71B-FA32CDC24443}.Debug|Any CPU.ActiveCfg = Debug|Any CPU
		{65D0C3FE-C558-44D4-B71B-FA32CDC24443}.Debug|Any CPU.Build.0 = Debug|Any CPU
		{65D0C3FE-C558-44D4-B71B-FA32CDC24443}.Debug|Mixed Platforms.ActiveCfg = Debug|Any CPU
		{65D0C3FE-C558-44D4-B71B-FA32CDC24443}.Debug|Mixed Platforms.Build.0 = Debug|Any CPU
		{65D0C3FE-C558-44D4-B71B-FA32CDC24443}.Debug|x86.ActiveCfg = Debug|Any CPU
		{65D0C3FE-C558-44D4-B71B-FA32CDC24443}.Debug|x86.Build.0 = Debug|Any CPU
		{65D0C3FE-C558-44D4-B71B-FA32CDC24443}.DebugGameDocsTest|Any CPU.ActiveCfg = Debug|Any CPU
		{65D0C3FE-C558-44D4-B71B-FA32CDC24443}.DebugGameDocsTest|Any CPU.Build.0 = Debug|Any CPU
		{65D0C3FE-C558-44D4-B71B-FA32CDC24443}.DebugGameDocsTest|Mixed Platforms.ActiveCfg = Debug|Any CPU
		{65D0C3FE-C558-44D4-B71B-FA32CDC24443}.DebugGameDocsTest|Mixed Platforms.Build.0 = Debug|Any CPU
		{65D0C3FE-C558-44D4-B71B-FA32CDC24443}.DebugGameDocsTest|x86.ActiveCfg = Debug|Any CPU
		{65D0C3FE-C558-44D4-B71B-FA32CDC24443}.DebugNetworkingTest|Any CPU.ActiveCfg = Debug|Any CPU
		{65D0C3FE-C558-44D4-B71B-FA32CDC24443}.DebugNetworkingTest|Any CPU.Build.0 = Debug|Any CPU
		{65D0C3FE-C558-44D4-B71B-FA32CDC24443}.DebugNetworkingTest|Mixed Platforms.ActiveCfg = Debug|Any CPU
		{65D0C3FE-C558-44D4-B71B-FA32CDC24443}.DebugNetworkingTest|Mixed Platforms.Build.0 = Debug|Any CPU
		{65D0C3FE-C558-44D4-B71B-FA32CDC24443}.DebugNetworkingTest|x86.ActiveCfg = Debug|Any CPU
		{65D0C3FE-C558-44D4-B71B-FA32CDC24443}.DebugQuestsControlTest|Any CPU.ActiveCfg = Debug|Any CPU
		{65D0C3FE-C558-44D4-B71B-FA32CDC24443}.DebugQuestsControlTest|Any CPU.Build.0 = Debug|Any CPU
		{65D0C3FE-C558-44D4-B71B-FA32CDC24443}.DebugQuestsControlTest|Mixed Platforms.ActiveCfg = Debug|Any CPU
		{65D0C3FE-C558-44D4-B71B-FA32CDC24443}.DebugQuestsControlTest|Mixed Platforms.Build.0 = Debug|Any CPU
		{65D0C3FE-C558-44D4-B71B-FA32CDC24443}.DebugQuestsControlTest|x86.ActiveCfg = Debug|Any CPU
		{65D0C3FE-C558-44D4-B71B-FA32CDC24443}.Release|Any CPU.ActiveCfg = Release|Any CPU
		{65D0C3FE-C558-44D4-B71B-FA32CDC24443}.Release|Any CPU.Build.0 = Release|Any CPU
		{65D0C3FE-C558-44D4-B71B-FA32CDC24443}.Release|Mixed Platforms.ActiveCfg = Release|Any CPU
		{65D0C3FE-C558-44D4-B71B-FA32CDC24443}.Release|Mixed Platforms.Build.0 = Release|Any CPU
		{65D0C3FE-C558-44D4-B71B-FA32CDC24443}.Release|x86.ActiveCfg = Release|Any CPU
		{9F1E89F2-3F93-4F19-BE94-A5D391430BAD}.Debug|Any CPU.ActiveCfg = Debug|x86
		{9F1E89F2-3F93-4F19-BE94-A5D391430BAD}.Debug|Mixed Platforms.ActiveCfg = Debug|x86
		{9F1E89F2-3F93-4F19-BE94-A5D391430BAD}.Debug|Mixed Platforms.Build.0 = Debug|x86
		{9F1E89F2-3F93-4F19-BE94-A5D391430BAD}.Debug|x86.ActiveCfg = Debug|x86
		{9F1E89F2-3F93-4F19-BE94-A5D391430BAD}.Debug|x86.Build.0 = Debug|x86
		{9F1E89F2-3F93-4F19-BE94-A5D391430BAD}.DebugGameDocsTest|Any CPU.ActiveCfg = Debug|x86
		{9F1E89F2-3F93-4F19-BE94-A5D391430BAD}.DebugGameDocsTest|Mixed Platforms.ActiveCfg = Debug|x86
		{9F1E89F2-3F93-4F19-BE94-A5D391430BAD}.DebugGameDocsTest|Mixed Platforms.Build.0 = Debug|x86
		{9F1E89F2-3F93-4F19-BE94-A5D391430BAD}.DebugGameDocsTest|x86.ActiveCfg = Debug|x86
		{9F1E89F2-3F93-4F19-BE94-A5D391430BAD}.DebugGameDocsTest|x86.Build.0 = Debug|x86
		{9F1E89F2-3F93-4F19-BE94-A5D391430BAD}.DebugNetworkingTest|Any CPU.ActiveCfg = Debug|x86
		{9F1E89F2-3F93-4F19-BE94-A5D391430BAD}.DebugNetworkingTest|Mixed Platforms.ActiveCfg = Debug|x86
		{9F1E89F2-3F93-4F19-BE94-A5D391430BAD}.DebugNetworkingTest|Mixed Platforms.Build.0 = Debug|x86
		{9F1E89F2-3F93-4F19-BE94-A5D391430BAD}.DebugNetworkingTest|x86.ActiveCfg = Debug|x86
		{9F1E89F2-3F93-4F19-BE94-A5D391430BAD}.DebugNetworkingTest|x86.Build.0 = Debug|x86
		{9F1E89F2-3F93-4F19-BE94-A5D391430BAD}.DebugQuestsControlTest|Any CPU.ActiveCfg = Debug|x86
		{9F1E89F2-3F93-4F19-BE94-A5D391430BAD}.DebugQuestsControlTest|Mixed Platforms.ActiveCfg = Debug|x86
		{9F1E89F2-3F93-4F19-BE94-A5D391430BAD}.DebugQuestsControlTest|Mixed Platforms.Build.0 = Debug|x86
		{9F1E89F2-3F93-4F19-BE94-A5D391430BAD}.DebugQuestsControlTest|x86.ActiveCfg = Debug|x86
		{9F1E89F2-3F93-4F19-BE94-A5D391430BAD}.DebugQuestsControlTest|x86.Build.0 = Debug|x86
		{9F1E89F2-3F93-4F19-BE94-A5D391430BAD}.Release|Any CPU.ActiveCfg = Release|x86
		{9F1E89F2-3F93-4F19-BE94-A5D391430BAD}.Release|Mixed Platforms.ActiveCfg = Release|x86
		{9F1E89F2-3F93-4F19-BE94-A5D391430BAD}.Release|Mixed Platforms.Build.0 = Release|x86
		{9F1E89F2-3F93-4F19-BE94-A5D391430BAD}.Release|x86.ActiveCfg = Release|x86
		{9F1E89F2-3F93-4F19-BE94-A5D391430BAD}.Release|x86.Build.0 = Release|x86
		{72836426-37F3-472E-927D-EA899591FAEF}.Debug|Any CPU.ActiveCfg = Debug|Any CPU
		{72836426-37F3-472E-927D-EA899591FAEF}.Debug|Any CPU.Build.0 = Debug|Any CPU
		{72836426-37F3-472E-927D-EA899591FAEF}.Debug|Mixed Platforms.ActiveCfg = Debug|Any CPU
		{72836426-37F3-472E-927D-EA899591FAEF}.Debug|Mixed Platforms.Build.0 = Debug|Any CPU
		{72836426-37F3-472E-927D-EA899591FAEF}.Debug|x86.ActiveCfg = Debug|Any CPU
		{72836426-37F3-472E-927D-EA899591FAEF}.DebugGameDocsTest|Any CPU.ActiveCfg = Debug|Any CPU
		{72836426-37F3-472E-927D-EA899591FAEF}.DebugGameDocsTest|Any CPU.Build.0 = Debug|Any CPU
		{72836426-37F3-472E-927D-EA899591FAEF}.DebugGameDocsTest|Mixed Platforms.ActiveCfg = Debug|Any CPU
		{72836426-37F3-472E-927D-EA899591FAEF}.DebugGameDocsTest|Mixed Platforms.Build.0 = Debug|Any CPU
		{72836426-37F3-472E-927D-EA899591FAEF}.DebugGameDocsTest|x86.ActiveCfg = Debug|Any CPU
		{72836426-37F3-472E-927D-EA899591FAEF}.DebugNetworkingTest|Any CPU.ActiveCfg = Debug|Any CPU
		{72836426-37F3-472E-927D-EA899591FAEF}.DebugNetworkingTest|Any CPU.Build.0 = Debug|Any CPU
		{72836426-37F3-472E-927D-EA899591FAEF}.DebugNetworkingTest|Mixed Platforms.ActiveCfg = Debug|Any CPU
		{72836426-37F3-472E-927D-EA899591FAEF}.DebugNetworkingTest|Mixed Platforms.Build.0 = Debug|Any CPU
		{72836426-37F3-472E-927D-EA899591FAEF}.DebugNetworkingTest|x86.ActiveCfg = Debug|Any CPU
		{72836426-37F3-472E-927D-EA899591FAEF}.DebugNetworkingTest|x86.Build.0 = Debug|Any CPU
		{72836426-37F3-472E-927D-EA899591FAEF}.DebugQuestsControlTest|Any CPU.ActiveCfg = Debug|Any CPU
		{72836426-37F3-472E-927D-EA899591FAEF}.DebugQuestsControlTest|Any CPU.Build.0 = Debug|Any CPU
		{72836426-37F3-472E-927D-EA899591FAEF}.DebugQuestsControlTest|Mixed Platforms.ActiveCfg = Debug|Any CPU
		{72836426-37F3-472E-927D-EA899591FAEF}.DebugQuestsControlTest|Mixed Platforms.Build.0 = Debug|Any CPU
		{72836426-37F3-472E-927D-EA899591FAEF}.DebugQuestsControlTest|x86.ActiveCfg = Debug|Any CPU
		{72836426-37F3-472E-927D-EA899591FAEF}.Release|Any CPU.ActiveCfg = Release|Any CPU
		{72836426-37F3-472E-927D-EA899591FAEF}.Release|Any CPU.Build.0 = Release|Any CPU
		{72836426-37F3-472E-927D-EA899591FAEF}.Release|Mixed Platforms.ActiveCfg = Release|Any CPU
		{72836426-37F3-472E-927D-EA899591FAEF}.Release|Mixed Platforms.Build.0 = Release|Any CPU
		{72836426-37F3-472E-927D-EA899591FAEF}.Release|x86.ActiveCfg = Release|Any CPU
	EndGlobalSection
	GlobalSection(SolutionProperties) = preSolution
		HideSolutionNode = FALSE
	EndGlobalSection
	GlobalSection(NestedProjects) = preSolution
		{17E82A17-F091-4EE2-B6D0-D588684F63E9} = {D1BBD4E7-82E7-415E-B5F9-61606C1E1B87}
		{FA7AC404-A979-445D-B59A-B87B72854673} = {D1BBD4E7-82E7-415E-B5F9-61606C1E1B87}
		{BAFEC9D8-FEBF-48B0-9FF3-72163938885D} = {D1BBD4E7-82E7-415E-B5F9-61606C1E1B87}
		{28EDCBF2-F0B7-4098-9D41-4F82419EBA3F} = {D1BBD4E7-82E7-415E-B5F9-61606C1E1B87}
		{0414FA40-5E48-43FF-9EDC-BFD8A970D174} = {D1BBD4E7-82E7-415E-B5F9-61606C1E1B87}
		{0AA86DD8-394C-44E2-89CF-C6FF45D4C6D0} = {D1BBD4E7-82E7-415E-B5F9-61606C1E1B87}
		{35AD41CC-095D-4168-B9E3-4BAE935AB41E} = {D1BBD4E7-82E7-415E-B5F9-61606C1E1B87}
		{737295B8-1D59-44E9-BAEE-02AE923ACA04} = {D1BBD4E7-82E7-415E-B5F9-61606C1E1B87}
		{9F1E89F2-3F93-4F19-BE94-A5D391430BAD} = {D1BBD4E7-82E7-415E-B5F9-61606C1E1B87}
		{CDEC8CB2-A57E-49E9-91C7-06A8F7AF8355} = {11631F71-BF21-4BFE-B934-57EA1D4BD038}
		{8B6A12B7-0A9C-499A-A162-EF06203A24E2} = {11631F71-BF21-4BFE-B934-57EA1D4BD038}
		{A74B8493-59F1-44B7-BFC0-9C41F4F238EF} = {11631F71-BF21-4BFE-B934-57EA1D4BD038}
		{3BAFA179-5F2E-4DC5-9AC2-DB689688793C} = {11631F71-BF21-4BFE-B934-57EA1D4BD038}
	EndGlobalSection
EndGlobal
